
Microsoft Visual Studio Solution File, Format Version 12.00
# Visual Studio Version 16
VisualStudioVersion = 16.0.30225.117
MinimumVisualStudioVersion = 10.0.40219.1
Project("{9A19103F-16F7-4668-BE54-9A1E7A4F7556}") = "01. IntegerOperations", "01. IntegerOperations\01. IntegerOperations.csproj", "{0DB22112-B74D-4FAE-8F86-47C793F4BA94}"
EndProject
Project("{9A19103F-16F7-4668-BE54-9A1E7A4F7556}") = "02. SumDigits", "02. SumDigits\02. SumDigits.csproj", "{DE366674-E3DD-4AD1-B135-727B07F9543E}"
EndProject
Project("{9A19103F-16F7-4668-BE54-9A1E7A4F7556}") = "03. Elevator", "03. Elevator\03. Elevator.csproj", "{0EF7C51F-0224-41DE-A95A-E1B670D9268F}"
EndProject
Project("{9A19103F-16F7-4668-BE54-9A1E7A4F7556}") = "04. SumOfChars", "04. SumOfChars\04. SumOfChars.csproj", "{369955BA-1C68-4616-A518-E25CD877EF45}"
EndProject
Project("{9A19103F-16F7-4668-BE54-9A1E7A4F7556}") = "05. PrintPartOfTheASCIITable", "05. PrintPartOfTheASCIITable\05. PrintPartOfTheASCIITable.csproj", "{2F40534C-BFCF-41A3-80A9-10C0E4F784F7}"
EndProject
Project("{9A19103F-16F7-4668-BE54-9A1E7A4F7556}") = "06. TriplesOfLatinLetters", "06. TriplesOfLatinLetters\06. TriplesOfLatinLetters.csproj", "{AFF4F8F1-8354-4F97-BB81-45D2FF086956}"
EndProject
Project("{9A19103F-16F7-4668-BE54-9A1E7A4F7556}") = "07. WaterOverflow", "07. WaterOverflow\07. WaterOverflow.csproj", "{7F2FD318-1CE8-42E5-A7CC-0CE0B72E947C}"
EndProject
Project("{9A19103F-16F7-4668-BE54-9A1E7A4F7556}") = "08. BeerKegs", "08. BeerKegs\08. BeerKegs.csproj", "{4D6DC3FC-F84A-4646-82F4-54F18955D313}"
EndProject
Project("{9A19103F-16F7-4668-BE54-9A1E7A4F7556}") = "09. SpiceMustFlow", "09. SpiceMustFlow\09. SpiceMustFlow.csproj", "{C49F270B-D11E-4F58-94FC-B1855A695DD8}"
EndProject
Project("{FAE04EC0-301F-11D3-BF4B-00C04F79EFBC}") = "10. PokeMon", "10. PokeMon\10. PokeMon.csproj", "{0845B5C3-6250-4D0D-B780-90847994F91C}"
EndProject
Project("{FAE04EC0-301F-11D3-BF4B-00C04F79EFBC}") = "11. Snowballs", "11. Snowballs\11. Snowballs.csproj", "{55AB0181-52A6-4475-A56D-E1272BAC4476}"
EndProject
Global
	GlobalSection(SolutionConfigurationPlatforms) = preSolution
		Debug|Any CPU = Debug|Any CPU
		Release|Any CPU = Release|Any CPU
	EndGlobalSection
	GlobalSection(ProjectConfigurationPlatforms) = postSolution
		{0DB22112-B74D-4FAE-8F86-47C793F4BA94}.Debug|Any CPU.ActiveCfg = Debug|Any CPU
		{0DB22112-B74D-4FAE-8F86-47C793F4BA94}.Debug|Any CPU.Build.0 = Debug|Any CPU
		{0DB22112-B74D-4FAE-8F86-47C793F4BA94}.Release|Any CPU.ActiveCfg = Release|Any CPU
		{0DB22112-B74D-4FAE-8F86-47C793F4BA94}.Release|Any CPU.Build.0 = Release|Any CPU
		{DE366674-E3DD-4AD1-B135-727B07F9543E}.Debug|Any CPU.ActiveCfg = Debug|Any CPU
		{DE366674-E3DD-4AD1-B135-727B07F9543E}.Debug|Any CPU.Build.0 = Debug|Any CPU
		{DE366674-E3DD-4AD1-B135-727B07F9543E}.Release|Any CPU.ActiveCfg = Release|Any CPU
		{DE366674-E3DD-4AD1-B135-727B07F9543E}.Release|Any CPU.Build.0 = Release|Any CPU
		{0EF7C51F-0224-41DE-A95A-E1B670D9268F}.Debug|Any CPU.ActiveCfg = Debug|Any CPU
		{0EF7C51F-0224-41DE-A95A-E1B670D9268F}.Debug|Any CPU.Build.0 = Debug|Any CPU
		{0EF7C51F-0224-41DE-A95A-E1B670D9268F}.Release|Any CPU.ActiveCfg = Release|Any CPU
		{0EF7C51F-0224-41DE-A95A-E1B670D9268F}.Release|Any CPU.Build.0 = Release|Any CPU
		{369955BA-1C68-4616-A518-E25CD877EF45}.Debug|Any CPU.ActiveCfg = Debug|Any CPU
		{369955BA-1C68-4616-A518-E25CD877EF45}.Debug|Any CPU.Build.0 = Debug|Any CPU
		{369955BA-1C68-4616-A518-E25CD877EF45}.Release|Any CPU.ActiveCfg = Release|Any CPU
		{369955BA-1C68-4616-A518-E25CD877EF45}.Release|Any CPU.Build.0 = Release|Any CPU
		{2F40534C-BFCF-41A3-80A9-10C0E4F784F7}.Debug|Any CPU.ActiveCfg = Debug|Any CPU
		{2F40534C-BFCF-41A3-80A9-10C0E4F784F7}.Debug|Any CPU.Build.0 = Debug|Any CPU
		{2F40534C-BFCF-41A3-80A9-10C0E4F784F7}.Release|Any CPU.ActiveCfg = Release|Any CPU
		{2F40534C-BFCF-41A3-80A9-10C0E4F784F7}.Release|Any CPU.Build.0 = Release|Any CPU
		{AFF4F8F1-8354-4F97-BB81-45D2FF086956}.Debug|Any CPU.ActiveCfg = Debug|Any CPU
		{AFF4F8F1-8354-4F97-BB81-45D2FF086956}.Debug|Any CPU.Build.0 = Debug|Any CPU
		{AFF4F8F1-8354-4F97-BB81-45D2FF086956}.Release|Any CPU.ActiveCfg = Release|Any CPU
		{AFF4F8F1-8354-4F97-BB81-45D2FF086956}.Release|Any CPU.Build.0 = Release|Any CPU
		{7F2FD318-1CE8-42E5-A7CC-0CE0B72E947C}.Debug|Any CPU.ActiveCfg = Debug|Any CPU
		{7F2FD318-1CE8-42E5-A7CC-0CE0B72E947C}.Debug|Any CPU.Build.0 = Debug|Any CPU
		{7F2FD318-1CE8-42E5-A7CC-0CE0B72E947C}.Release|Any CPU.ActiveCfg = Release|Any CPU
		{7F2FD318-1CE8-42E5-A7CC-0CE0B72E947C}.Release|Any CPU.Build.0 = Release|Any CPU
		{4D6DC3FC-F84A-4646-82F4-54F18955D313}.Debug|Any CPU.ActiveCfg = Debug|Any CPU
		{4D6DC3FC-F84A-4646-82F4-54F18955D313}.Debug|Any CPU.Build.0 = Debug|Any CPU
		{4D6DC3FC-F84A-4646-82F4-54F18955D313}.Release|Any CPU.ActiveCfg = Release|Any CPU
		{4D6DC3FC-F84A-4646-82F4-54F18955D313}.Release|Any CPU.Build.0 = Release|Any CPU
		{C49F270B-D11E-4F58-94FC-B1855A695DD8}.Debug|Any CPU.ActiveCfg = Debug|Any CPU
		{C49F270B-D11E-4F58-94FC-B1855A695DD8}.Debug|Any CPU.Build.0 = Debug|Any CPU
		{C49F270B-D11E-4F58-94FC-B1855A695DD8}.Release|Any CPU.ActiveCfg = Release|Any CPU
		{C49F270B-D11E-4F58-94FC-B1855A695DD8}.Release|Any CPU.Build.0 = Release|Any CPU
		{0845B5C3-6250-4D0D-B780-90847994F91C}.Debug|Any CPU.ActiveCfg = Debug|Any CPU
		{0845B5C3-6250-4D0D-B780-90847994F91C}.Debug|Any CPU.Build.0 = Debug|Any CPU
		{0845B5C3-6250-4D0D-B780-90847994F91C}.Release|Any CPU.ActiveCfg = Release|Any CPU
		{0845B5C3-6250-4D0D-B780-90847994F91C}.Release|Any CPU.Build.0 = Release|Any CPU
		{55AB0181-52A6-4475-A56D-E1272BAC4476}.Debug|Any CPU.ActiveCfg = Debug|Any CPU
		{55AB0181-52A6-4475-A56D-E1272BAC4476}.Debug|Any CPU.Build.0 = Debug|Any CPU
		{55AB0181-52A6-4475-A56D-E1272BAC4476}.Release|Any CPU.ActiveCfg = Release|Any CPU
		{55AB0181-52A6-4475-A56D-E1272BAC4476}.Release|Any CPU.Build.0 = Release|Any CPU
	EndGlobalSection
	GlobalSection(SolutionProperties) = preSolution
		HideSolutionNode = FALSE
	EndGlobalSection
	GlobalSection(ExtensibilityGlobals) = postSolution
		SolutionGuid = {A137B785-E6A6-41DE-9C8D-5AF66DE4F58B}
	EndGlobalSection
EndGlobal
