
Microsoft Visual Studio Solution File, Format Version 12.00
# Visual Studio Version 16
VisualStudioVersion = 16.0.30225.117
MinimumVisualStudioVersion = 10.0.40219.1
Project("{FAE04EC0-301F-11D3-BF4B-00C04F79EFBC}") = "01. ValidUsernames", "01. ValidUsernames\01. ValidUsernames.csproj", "{4575DF8F-D333-45DC-94C1-D21A316BE41A}"
EndProject
Project("{FAE04EC0-301F-11D3-BF4B-00C04F79EFBC}") = "02. CharacterMultiplier", "02. CharacterMultiplier\02. CharacterMultiplier.csproj", "{658440ED-C0A2-4A5E-BE22-61D9EA5E35B8}"
EndProject
Project("{FAE04EC0-301F-11D3-BF4B-00C04F79EFBC}") = "03. ExtractFile", "03. ExtractFile\03. ExtractFile.csproj", "{7962BCBC-46D4-4720-B43A-91967CEA9ACB}"
EndProject
Global
	GlobalSection(SolutionConfigurationPlatforms) = preSolution
		Debug|Any CPU = Debug|Any CPU
		Release|Any CPU = Release|Any CPU
	EndGlobalSection
	GlobalSection(ProjectConfigurationPlatforms) = postSolution
		{4575DF8F-D333-45DC-94C1-D21A316BE41A}.Debug|Any CPU.ActiveCfg = Debug|Any CPU
		{4575DF8F-D333-45DC-94C1-D21A316BE41A}.Debug|Any CPU.Build.0 = Debug|Any CPU
		{4575DF8F-D333-45DC-94C1-D21A316BE41A}.Release|Any CPU.ActiveCfg = Release|Any CPU
		{4575DF8F-D333-45DC-94C1-D21A316BE41A}.Release|Any CPU.Build.0 = Release|Any CPU
		{658440ED-C0A2-4A5E-BE22-61D9EA5E35B8}.Debug|Any CPU.ActiveCfg = Debug|Any CPU
		{658440ED-C0A2-4A5E-BE22-61D9EA5E35B8}.Debug|Any CPU.Build.0 = Debug|Any CPU
		{658440ED-C0A2-4A5E-BE22-61D9EA5E35B8}.Release|Any CPU.ActiveCfg = Release|Any CPU
		{658440ED-C0A2-4A5E-BE22-61D9EA5E35B8}.Release|Any CPU.Build.0 = Release|Any CPU
		{7962BCBC-46D4-4720-B43A-91967CEA9ACB}.Debug|Any CPU.ActiveCfg = Debug|Any CPU
		{7962BCBC-46D4-4720-B43A-91967CEA9ACB}.Debug|Any CPU.Build.0 = Debug|Any CPU
		{7962BCBC-46D4-4720-B43A-91967CEA9ACB}.Release|Any CPU.ActiveCfg = Release|Any CPU
		{7962BCBC-46D4-4720-B43A-91967CEA9ACB}.Release|Any CPU.Build.0 = Release|Any CPU
	EndGlobalSection
	GlobalSection(SolutionProperties) = preSolution
		HideSolutionNode = FALSE
	EndGlobalSection
	GlobalSection(ExtensibilityGlobals) = postSolution
		SolutionGuid = {193BC850-A5E8-4F15-B5D5-C389E7ED4397}
	EndGlobalSection
EndGlobal
