
Microsoft Visual Studio Solution File, Format Version 12.00
# Visual Studio Version 16
VisualStudioVersion = 16.0.30717.126
MinimumVisualStudioVersion = 10.0.40219.1
Project("{9A19103F-16F7-4668-BE54-9A1E7A4F7556}") = "Person", "Person\Person.csproj", "{5B6196D2-EF57-48F3-B29D-5AC92EBB9118}"
EndProject
Project("{FAE04EC0-301F-11D3-BF4B-00C04F79EFBC}") = "Zoo", "Zoo\Zoo.csproj", "{93710322-C1E0-4D1A-94FC-229EE501B00D}"
EndProject
Global
	GlobalSection(SolutionConfigurationPlatforms) = preSolution
		Debug|Any CPU = Debug|Any CPU
		Release|Any CPU = Release|Any CPU
	EndGlobalSection
	GlobalSection(ProjectConfigurationPlatforms) = postSolution
		{5B6196D2-EF57-48F3-B29D-5AC92EBB9118}.Debug|Any CPU.ActiveCfg = Debug|Any CPU
		{5B6196D2-EF57-48F3-B29D-5AC92EBB9118}.Debug|Any CPU.Build.0 = Debug|Any CPU
		{5B6196D2-EF57-48F3-B29D-5AC92EBB9118}.Release|Any CPU.ActiveCfg = Release|Any CPU
		{5B6196D2-EF57-48F3-B29D-5AC92EBB9118}.Release|Any CPU.Build.0 = Release|Any CPU
		{93710322-C1E0-4D1A-94FC-229EE501B00D}.Debug|Any CPU.ActiveCfg = Debug|Any CPU
		{93710322-C1E0-4D1A-94FC-229EE501B00D}.Debug|Any CPU.Build.0 = Debug|Any CPU
		{93710322-C1E0-4D1A-94FC-229EE501B00D}.Release|Any CPU.ActiveCfg = Release|Any CPU
		{93710322-C1E0-4D1A-94FC-229EE501B00D}.Release|Any CPU.Build.0 = Release|Any CPU
	EndGlobalSection
	GlobalSection(SolutionProperties) = preSolution
		HideSolutionNode = FALSE
	EndGlobalSection
	GlobalSection(ExtensibilityGlobals) = postSolution
		SolutionGuid = {DE95E887-BFE0-40F8-8EE5-213C3D5C823A}
	EndGlobalSection
EndGlobal
