
Microsoft Visual Studio Solution File, Format Version 12.00
# Visual Studio Version 16
VisualStudioVersion = 16.0.30717.126
MinimumVisualStudioVersion = 10.0.40219.1
Project("{9A19103F-16F7-4668-BE54-9A1E7A4F7556}") = "Person", "Person\Person.csproj", "{5B6196D2-EF57-48F3-B29D-5AC92EBB9118}"
EndProject
Project("{9A19103F-16F7-4668-BE54-9A1E7A4F7556}") = "Zoo", "Zoo\Zoo.csproj", "{93710322-C1E0-4D1A-94FC-229EE501B00D}"
EndProject
Project("{9A19103F-16F7-4668-BE54-9A1E7A4F7556}") = "PlayersAndMonsters", "PlayersAndMonsters\PlayersAndMonsters.csproj", "{785CC711-9183-42BC-83C2-4F3C493E6426}"
EndProject
Project("{9A19103F-16F7-4668-BE54-9A1E7A4F7556}") = "NeedForSpeed", "NeedForSpeed\NeedForSpeed.csproj", "{D77F0D2E-842D-485E-B4AA-18D54FBAC990}"
EndProject
Project("{FAE04EC0-301F-11D3-BF4B-00C04F79EFBC}") = "Restaurant", "Restaurant\Restaurant.csproj", "{324AEAC0-0B9C-4EC0-AFBF-4FFD855473C2}"
EndProject
Project("{FAE04EC0-301F-11D3-BF4B-00C04F79EFBC}") = "Animals", "Animals\Animals.csproj", "{E926E5AD-9169-4C5B-96BD-9D86902CFB94}"
EndProject
Global
	GlobalSection(SolutionConfigurationPlatforms) = preSolution
		Debug|Any CPU = Debug|Any CPU
		Release|Any CPU = Release|Any CPU
	EndGlobalSection
	GlobalSection(ProjectConfigurationPlatforms) = postSolution
		{5B6196D2-EF57-48F3-B29D-5AC92EBB9118}.Debug|Any CPU.ActiveCfg = Debug|Any CPU
		{5B6196D2-EF57-48F3-B29D-5AC92EBB9118}.Debug|Any CPU.Build.0 = Debug|Any CPU
		{5B6196D2-EF57-48F3-B29D-5AC92EBB9118}.Release|Any CPU.ActiveCfg = Release|Any CPU
		{5B6196D2-EF57-48F3-B29D-5AC92EBB9118}.Release|Any CPU.Build.0 = Release|Any CPU
		{93710322-C1E0-4D1A-94FC-229EE501B00D}.Debug|Any CPU.ActiveCfg = Debug|Any CPU
		{93710322-C1E0-4D1A-94FC-229EE501B00D}.Debug|Any CPU.Build.0 = Debug|Any CPU
		{93710322-C1E0-4D1A-94FC-229EE501B00D}.Release|Any CPU.ActiveCfg = Release|Any CPU
		{93710322-C1E0-4D1A-94FC-229EE501B00D}.Release|Any CPU.Build.0 = Release|Any CPU
		{785CC711-9183-42BC-83C2-4F3C493E6426}.Debug|Any CPU.ActiveCfg = Debug|Any CPU
		{785CC711-9183-42BC-83C2-4F3C493E6426}.Debug|Any CPU.Build.0 = Debug|Any CPU
		{785CC711-9183-42BC-83C2-4F3C493E6426}.Release|Any CPU.ActiveCfg = Release|Any CPU
		{785CC711-9183-42BC-83C2-4F3C493E6426}.Release|Any CPU.Build.0 = Release|Any CPU
		{D77F0D2E-842D-485E-B4AA-18D54FBAC990}.Debug|Any CPU.ActiveCfg = Debug|Any CPU
		{D77F0D2E-842D-485E-B4AA-18D54FBAC990}.Debug|Any CPU.Build.0 = Debug|Any CPU
		{D77F0D2E-842D-485E-B4AA-18D54FBAC990}.Release|Any CPU.ActiveCfg = Release|Any CPU
		{D77F0D2E-842D-485E-B4AA-18D54FBAC990}.Release|Any CPU.Build.0 = Release|Any CPU
		{324AEAC0-0B9C-4EC0-AFBF-4FFD855473C2}.Debug|Any CPU.ActiveCfg = Debug|Any CPU
		{324AEAC0-0B9C-4EC0-AFBF-4FFD855473C2}.Debug|Any CPU.Build.0 = Debug|Any CPU
		{324AEAC0-0B9C-4EC0-AFBF-4FFD855473C2}.Release|Any CPU.ActiveCfg = Release|Any CPU
		{324AEAC0-0B9C-4EC0-AFBF-4FFD855473C2}.Release|Any CPU.Build.0 = Release|Any CPU
		{E926E5AD-9169-4C5B-96BD-9D86902CFB94}.Debug|Any CPU.ActiveCfg = Debug|Any CPU
		{E926E5AD-9169-4C5B-96BD-9D86902CFB94}.Debug|Any CPU.Build.0 = Debug|Any CPU
		{E926E5AD-9169-4C5B-96BD-9D86902CFB94}.Release|Any CPU.ActiveCfg = Release|Any CPU
		{E926E5AD-9169-4C5B-96BD-9D86902CFB94}.Release|Any CPU.Build.0 = Release|Any CPU
	EndGlobalSection
	GlobalSection(SolutionProperties) = preSolution
		HideSolutionNode = FALSE
	EndGlobalSection
	GlobalSection(ExtensibilityGlobals) = postSolution
		SolutionGuid = {DE95E887-BFE0-40F8-8EE5-213C3D5C823A}
	EndGlobalSection
EndGlobal
