
Microsoft Visual Studio Solution File, Format Version 12.00
# Visual Studio Version 16
VisualStudioVersion = 16.0.30225.117
MinimumVisualStudioVersion = 10.0.40219.1
Project("{FAE04EC0-301F-11D3-BF4B-00C04F79EFBC}") = "01. CountCharsInString", "01. CountCharsInString\01. CountCharsInString.csproj", "{98D6FC52-0912-4D1C-AEE4-FEC3FB3CC13C}"
EndProject
Project("{FAE04EC0-301F-11D3-BF4B-00C04F79EFBC}") = "02. MinerTask", "02. MinerTask\02. MinerTask.csproj", "{D605C35D-3900-4951-A5B6-1183BC0FCE1A}"
EndProject
Global
	GlobalSection(SolutionConfigurationPlatforms) = preSolution
		Debug|Any CPU = Debug|Any CPU
		Release|Any CPU = Release|Any CPU
	EndGlobalSection
	GlobalSection(ProjectConfigurationPlatforms) = postSolution
		{98D6FC52-0912-4D1C-AEE4-FEC3FB3CC13C}.Debug|Any CPU.ActiveCfg = Debug|Any CPU
		{98D6FC52-0912-4D1C-AEE4-FEC3FB3CC13C}.Debug|Any CPU.Build.0 = Debug|Any CPU
		{98D6FC52-0912-4D1C-AEE4-FEC3FB3CC13C}.Release|Any CPU.ActiveCfg = Release|Any CPU
		{98D6FC52-0912-4D1C-AEE4-FEC3FB3CC13C}.Release|Any CPU.Build.0 = Release|Any CPU
		{D605C35D-3900-4951-A5B6-1183BC0FCE1A}.Debug|Any CPU.ActiveCfg = Debug|Any CPU
		{D605C35D-3900-4951-A5B6-1183BC0FCE1A}.Debug|Any CPU.Build.0 = Debug|Any CPU
		{D605C35D-3900-4951-A5B6-1183BC0FCE1A}.Release|Any CPU.ActiveCfg = Release|Any CPU
		{D605C35D-3900-4951-A5B6-1183BC0FCE1A}.Release|Any CPU.Build.0 = Release|Any CPU
	EndGlobalSection
	GlobalSection(SolutionProperties) = preSolution
		HideSolutionNode = FALSE
	EndGlobalSection
	GlobalSection(ExtensibilityGlobals) = postSolution
		SolutionGuid = {A62BF9EB-9165-4BBC-87E0-44E89A8BB49B}
	EndGlobalSection
EndGlobal
