
Microsoft Visual Studio Solution File, Format Version 12.00
# Visual Studio Version 16
VisualStudioVersion = 16.0.30225.117
MinimumVisualStudioVersion = 10.0.40219.1
Project("{9A19103F-16F7-4668-BE54-9A1E7A4F7556}") = "01. CountCharsInString", "01. CountCharsInString\01. CountCharsInString.csproj", "{98D6FC52-0912-4D1C-AEE4-FEC3FB3CC13C}"
EndProject
Project("{9A19103F-16F7-4668-BE54-9A1E7A4F7556}") = "02. MinerTask", "02. MinerTask\02. MinerTask.csproj", "{D605C35D-3900-4951-A5B6-1183BC0FCE1A}"
EndProject
Project("{9A19103F-16F7-4668-BE54-9A1E7A4F7556}") = "03. LegendaryFarming", "03. LegendaryFarming\03. LegendaryFarming.csproj", "{40384ED5-9784-4A3A-B1E1-3BF1A113E4D9}"
EndProject
Project("{FAE04EC0-301F-11D3-BF4B-00C04F79EFBC}") = "04. Orders", "04. Orders\04. Orders.csproj", "{FC7E001B-6DA8-4B1D-A926-F3F69DCA5E8A}"
EndProject
Project("{FAE04EC0-301F-11D3-BF4B-00C04F79EFBC}") = "05. SoftUniParking", "05. SoftUniParking\05. SoftUniParking.csproj", "{98E71BCB-6132-4D0E-A3AF-00A70FB70AC3}"
EndProject
Project("{FAE04EC0-301F-11D3-BF4B-00C04F79EFBC}") = "06. Courses", "06. Courses\06. Courses.csproj", "{F44A2128-702E-4DEB-B5E0-28EEA2F503A7}"
EndProject
Project("{FAE04EC0-301F-11D3-BF4B-00C04F79EFBC}") = "07. StudentAcademy", "07. StudentAcademy\07. StudentAcademy.csproj", "{CD7BD233-6B23-4851-88AC-AD39196B1865}"
EndProject
Global
	GlobalSection(SolutionConfigurationPlatforms) = preSolution
		Debug|Any CPU = Debug|Any CPU
		Release|Any CPU = Release|Any CPU
	EndGlobalSection
	GlobalSection(ProjectConfigurationPlatforms) = postSolution
		{98D6FC52-0912-4D1C-AEE4-FEC3FB3CC13C}.Debug|Any CPU.ActiveCfg = Debug|Any CPU
		{98D6FC52-0912-4D1C-AEE4-FEC3FB3CC13C}.Debug|Any CPU.Build.0 = Debug|Any CPU
		{98D6FC52-0912-4D1C-AEE4-FEC3FB3CC13C}.Release|Any CPU.ActiveCfg = Release|Any CPU
		{98D6FC52-0912-4D1C-AEE4-FEC3FB3CC13C}.Release|Any CPU.Build.0 = Release|Any CPU
		{D605C35D-3900-4951-A5B6-1183BC0FCE1A}.Debug|Any CPU.ActiveCfg = Debug|Any CPU
		{D605C35D-3900-4951-A5B6-1183BC0FCE1A}.Debug|Any CPU.Build.0 = Debug|Any CPU
		{D605C35D-3900-4951-A5B6-1183BC0FCE1A}.Release|Any CPU.ActiveCfg = Release|Any CPU
		{D605C35D-3900-4951-A5B6-1183BC0FCE1A}.Release|Any CPU.Build.0 = Release|Any CPU
		{40384ED5-9784-4A3A-B1E1-3BF1A113E4D9}.Debug|Any CPU.ActiveCfg = Debug|Any CPU
		{40384ED5-9784-4A3A-B1E1-3BF1A113E4D9}.Debug|Any CPU.Build.0 = Debug|Any CPU
		{40384ED5-9784-4A3A-B1E1-3BF1A113E4D9}.Release|Any CPU.ActiveCfg = Release|Any CPU
		{40384ED5-9784-4A3A-B1E1-3BF1A113E4D9}.Release|Any CPU.Build.0 = Release|Any CPU
		{FC7E001B-6DA8-4B1D-A926-F3F69DCA5E8A}.Debug|Any CPU.ActiveCfg = Debug|Any CPU
		{FC7E001B-6DA8-4B1D-A926-F3F69DCA5E8A}.Debug|Any CPU.Build.0 = Debug|Any CPU
		{FC7E001B-6DA8-4B1D-A926-F3F69DCA5E8A}.Release|Any CPU.ActiveCfg = Release|Any CPU
		{FC7E001B-6DA8-4B1D-A926-F3F69DCA5E8A}.Release|Any CPU.Build.0 = Release|Any CPU
		{98E71BCB-6132-4D0E-A3AF-00A70FB70AC3}.Debug|Any CPU.ActiveCfg = Debug|Any CPU
		{98E71BCB-6132-4D0E-A3AF-00A70FB70AC3}.Debug|Any CPU.Build.0 = Debug|Any CPU
		{98E71BCB-6132-4D0E-A3AF-00A70FB70AC3}.Release|Any CPU.ActiveCfg = Release|Any CPU
		{98E71BCB-6132-4D0E-A3AF-00A70FB70AC3}.Release|Any CPU.Build.0 = Release|Any CPU
		{F44A2128-702E-4DEB-B5E0-28EEA2F503A7}.Debug|Any CPU.ActiveCfg = Debug|Any CPU
		{F44A2128-702E-4DEB-B5E0-28EEA2F503A7}.Debug|Any CPU.Build.0 = Debug|Any CPU
		{F44A2128-702E-4DEB-B5E0-28EEA2F503A7}.Release|Any CPU.ActiveCfg = Release|Any CPU
		{F44A2128-702E-4DEB-B5E0-28EEA2F503A7}.Release|Any CPU.Build.0 = Release|Any CPU
		{CD7BD233-6B23-4851-88AC-AD39196B1865}.Debug|Any CPU.ActiveCfg = Debug|Any CPU
		{CD7BD233-6B23-4851-88AC-AD39196B1865}.Debug|Any CPU.Build.0 = Debug|Any CPU
		{CD7BD233-6B23-4851-88AC-AD39196B1865}.Release|Any CPU.ActiveCfg = Release|Any CPU
		{CD7BD233-6B23-4851-88AC-AD39196B1865}.Release|Any CPU.Build.0 = Release|Any CPU
	EndGlobalSection
	GlobalSection(SolutionProperties) = preSolution
		HideSolutionNode = FALSE
	EndGlobalSection
	GlobalSection(ExtensibilityGlobals) = postSolution
		SolutionGuid = {A62BF9EB-9165-4BBC-87E0-44E89A8BB49B}
	EndGlobalSection
EndGlobal
