
Microsoft Visual Studio Solution File, Format Version 12.00
# Visual Studio Version 16
VisualStudioVersion = 16.0.30717.126
MinimumVisualStudioVersion = 10.0.40219.1
Project("{FAE04EC0-301F-11D3-BF4B-00C04F79EFBC}") = "Problem1", "Problem1\Problem1.csproj", "{01F516D5-B6CC-4E8C-8331-A5FA9E1C8605}"
EndProject
Project("{FAE04EC0-301F-11D3-BF4B-00C04F79EFBC}") = "Problem2", "Problem2\Problem2.csproj", "{33010F9D-F560-4B0C-8AB1-E35F2A2B892D}"
EndProject
Project("{FAE04EC0-301F-11D3-BF4B-00C04F79EFBC}") = "Problem3", "Problem3\Problem3.csproj", "{2675B8EB-9363-4713-B89C-ABBC493B8B9E}"
EndProject
Global
	GlobalSection(SolutionConfigurationPlatforms) = preSolution
		Debug|Any CPU = Debug|Any CPU
		Release|Any CPU = Release|Any CPU
	EndGlobalSection
	GlobalSection(ProjectConfigurationPlatforms) = postSolution
		{01F516D5-B6CC-4E8C-8331-A5FA9E1C8605}.Debug|Any CPU.ActiveCfg = Debug|Any CPU
		{01F516D5-B6CC-4E8C-8331-A5FA9E1C8605}.Debug|Any CPU.Build.0 = Debug|Any CPU
		{01F516D5-B6CC-4E8C-8331-A5FA9E1C8605}.Release|Any CPU.ActiveCfg = Release|Any CPU
		{01F516D5-B6CC-4E8C-8331-A5FA9E1C8605}.Release|Any CPU.Build.0 = Release|Any CPU
		{33010F9D-F560-4B0C-8AB1-E35F2A2B892D}.Debug|Any CPU.ActiveCfg = Debug|Any CPU
		{33010F9D-F560-4B0C-8AB1-E35F2A2B892D}.Debug|Any CPU.Build.0 = Debug|Any CPU
		{33010F9D-F560-4B0C-8AB1-E35F2A2B892D}.Release|Any CPU.ActiveCfg = Release|Any CPU
		{33010F9D-F560-4B0C-8AB1-E35F2A2B892D}.Release|Any CPU.Build.0 = Release|Any CPU
		{2675B8EB-9363-4713-B89C-ABBC493B8B9E}.Debug|Any CPU.ActiveCfg = Debug|Any CPU
		{2675B8EB-9363-4713-B89C-ABBC493B8B9E}.Debug|Any CPU.Build.0 = Debug|Any CPU
		{2675B8EB-9363-4713-B89C-ABBC493B8B9E}.Release|Any CPU.ActiveCfg = Release|Any CPU
		{2675B8EB-9363-4713-B89C-ABBC493B8B9E}.Release|Any CPU.Build.0 = Release|Any CPU
	EndGlobalSection
	GlobalSection(SolutionProperties) = preSolution
		HideSolutionNode = FALSE
	EndGlobalSection
	GlobalSection(ExtensibilityGlobals) = postSolution
		SolutionGuid = {8F5D255C-ACF3-4E25-AA50-FB6EF7E0B0F0}
	EndGlobalSection
EndGlobal
