
Microsoft Visual Studio Solution File, Format Version 12.00
# Visual Studio Version 17
VisualStudioVersion = 17.0.31903.59
MinimumVisualStudioVersion = 10.0.40219.1
Project("{FAE04EC0-301F-11D3-BF4B-00C04F79EFBC}") = "InsertionSort", "InsertionSort\InsertionSort.csproj", "{62984B7A-B9A0-4E3A-B435-26CFFB6F8D7D}"
EndProject
Project("{FAE04EC0-301F-11D3-BF4B-00C04F79EFBC}") = "QuickSort", "QuickSort\QuickSort.csproj", "{5AEE1AC1-1E6B-4D1C-B20E-646D5D807BC0}"
EndProject
Global
	GlobalSection(SolutionConfigurationPlatforms) = preSolution
		Debug|Any CPU = Debug|Any CPU
		Release|Any CPU = Release|Any CPU
	EndGlobalSection
	GlobalSection(ProjectConfigurationPlatforms) = postSolution
		{62984B7A-B9A0-4E3A-B435-26CFFB6F8D7D}.Debug|Any CPU.ActiveCfg = Debug|Any CPU
		{62984B7A-B9A0-4E3A-B435-26CFFB6F8D7D}.Debug|Any CPU.Build.0 = Debug|Any CPU
		{62984B7A-B9A0-4E3A-B435-26CFFB6F8D7D}.Release|Any CPU.ActiveCfg = Release|Any CPU
		{62984B7A-B9A0-4E3A-B435-26CFFB6F8D7D}.Release|Any CPU.Build.0 = Release|Any CPU
		{5AEE1AC1-1E6B-4D1C-B20E-646D5D807BC0}.Debug|Any CPU.ActiveCfg = Debug|Any CPU
		{5AEE1AC1-1E6B-4D1C-B20E-646D5D807BC0}.Debug|Any CPU.Build.0 = Debug|Any CPU
		{5AEE1AC1-1E6B-4D1C-B20E-646D5D807BC0}.Release|Any CPU.ActiveCfg = Release|Any CPU
		{5AEE1AC1-1E6B-4D1C-B20E-646D5D807BC0}.Release|Any CPU.Build.0 = Release|Any CPU
	EndGlobalSection
	GlobalSection(SolutionProperties) = preSolution
		HideSolutionNode = FALSE
	EndGlobalSection
	GlobalSection(ExtensibilityGlobals) = postSolution
		SolutionGuid = {6794D819-8198-48D2-993E-6BD5ECF41433}
	EndGlobalSection
EndGlobal
