
Microsoft Visual Studio Solution File, Format Version 12.00
# Visual Studio Version 16
VisualStudioVersion = 16.0.30717.126
MinimumVisualStudioVersion = 10.0.40219.1
Project("{FAE04EC0-301F-11D3-BF4B-00C04F79EFBC}") = "DiagonalDifference", "DiagonalDifference\DiagonalDifference.csproj", "{7A01EDAC-B72B-4600-B5DF-462623C0D758}"
EndProject
Project("{FAE04EC0-301F-11D3-BF4B-00C04F79EFBC}") = "2X2SquaresInMatrix", "2X2SquaresInMatrix\2X2SquaresInMatrix.csproj", "{219399F2-0082-4EED-8429-B554E78FC0FE}"
EndProject
Project("{FAE04EC0-301F-11D3-BF4B-00C04F79EFBC}") = "MaximalSum", "MaximalSum\MaximalSum.csproj", "{C9C22D78-4275-402E-8F0D-2C57042FCD82}"
EndProject
Global
	GlobalSection(SolutionConfigurationPlatforms) = preSolution
		Debug|Any CPU = Debug|Any CPU
		Release|Any CPU = Release|Any CPU
	EndGlobalSection
	GlobalSection(ProjectConfigurationPlatforms) = postSolution
		{7A01EDAC-B72B-4600-B5DF-462623C0D758}.Debug|Any CPU.ActiveCfg = Debug|Any CPU
		{7A01EDAC-B72B-4600-B5DF-462623C0D758}.Debug|Any CPU.Build.0 = Debug|Any CPU
		{7A01EDAC-B72B-4600-B5DF-462623C0D758}.Release|Any CPU.ActiveCfg = Release|Any CPU
		{7A01EDAC-B72B-4600-B5DF-462623C0D758}.Release|Any CPU.Build.0 = Release|Any CPU
		{219399F2-0082-4EED-8429-B554E78FC0FE}.Debug|Any CPU.ActiveCfg = Debug|Any CPU
		{219399F2-0082-4EED-8429-B554E78FC0FE}.Debug|Any CPU.Build.0 = Debug|Any CPU
		{219399F2-0082-4EED-8429-B554E78FC0FE}.Release|Any CPU.ActiveCfg = Release|Any CPU
		{219399F2-0082-4EED-8429-B554E78FC0FE}.Release|Any CPU.Build.0 = Release|Any CPU
		{C9C22D78-4275-402E-8F0D-2C57042FCD82}.Debug|Any CPU.ActiveCfg = Debug|Any CPU
		{C9C22D78-4275-402E-8F0D-2C57042FCD82}.Debug|Any CPU.Build.0 = Debug|Any CPU
		{C9C22D78-4275-402E-8F0D-2C57042FCD82}.Release|Any CPU.ActiveCfg = Release|Any CPU
		{C9C22D78-4275-402E-8F0D-2C57042FCD82}.Release|Any CPU.Build.0 = Release|Any CPU
	EndGlobalSection
	GlobalSection(SolutionProperties) = preSolution
		HideSolutionNode = FALSE
	EndGlobalSection
	GlobalSection(ExtensibilityGlobals) = postSolution
		SolutionGuid = {12803D20-D61B-4B1B-8673-612CABEF18C9}
	EndGlobalSection
EndGlobal
