
Microsoft Visual Studio Solution File, Format Version 12.00
# Visual Studio Version 16
VisualStudioVersion = 16.0.30717.126
MinimumVisualStudioVersion = 10.0.40219.1
Project("{9A19103F-16F7-4668-BE54-9A1E7A4F7556}") = "ReverseStrings", "ReverseStrings\ReverseStrings.csproj", "{A27BEA64-83E6-4DA2-AF65-226D611EAC8A}"
EndProject
Project("{9A19103F-16F7-4668-BE54-9A1E7A4F7556}") = "StackSum", "StackSum\StackSum.csproj", "{D3FE1024-EAA4-4878-A9D6-DEA6450119C3}"
EndProject
Project("{9A19103F-16F7-4668-BE54-9A1E7A4F7556}") = "SimpleCalculator", "SimpleCalculator\SimpleCalculator.csproj", "{B7734913-E246-4236-B5D8-FA538A620A11}"
EndProject
Project("{FAE04EC0-301F-11D3-BF4B-00C04F79EFBC}") = "MatchingBrackets", "MatchingBrackets\MatchingBrackets.csproj", "{E5E24682-4DC4-49BE-9D06-CE0F5E1D2E4D}"
EndProject
Project("{FAE04EC0-301F-11D3-BF4B-00C04F79EFBC}") = "PrintEvenNumbers", "PintEvenNumbers\PrintEvenNumbers.csproj", "{1435B1B0-1023-406D-A800-FDE022185745}"
EndProject
Project("{FAE04EC0-301F-11D3-BF4B-00C04F79EFBC}") = "Supermarket", "Supermarket\Supermarket.csproj", "{F96E9A31-0688-4CC4-9E75-407FF8B54877}"
EndProject
Project("{FAE04EC0-301F-11D3-BF4B-00C04F79EFBC}") = "HotPotato", "HotPotato\HotPotato.csproj", "{1F694C1A-779A-46BD-934F-7957A5AE83ED}"
EndProject
Project("{FAE04EC0-301F-11D3-BF4B-00C04F79EFBC}") = "TrafficJam", "TrafficJam\TrafficJam.csproj", "{4EE6B66C-B82E-4A5E-B66D-66887C201E32}"
EndProject
Global
	GlobalSection(SolutionConfigurationPlatforms) = preSolution
		Debug|Any CPU = Debug|Any CPU
		Release|Any CPU = Release|Any CPU
	EndGlobalSection
	GlobalSection(ProjectConfigurationPlatforms) = postSolution
		{A27BEA64-83E6-4DA2-AF65-226D611EAC8A}.Debug|Any CPU.ActiveCfg = Debug|Any CPU
		{A27BEA64-83E6-4DA2-AF65-226D611EAC8A}.Debug|Any CPU.Build.0 = Debug|Any CPU
		{A27BEA64-83E6-4DA2-AF65-226D611EAC8A}.Release|Any CPU.ActiveCfg = Release|Any CPU
		{A27BEA64-83E6-4DA2-AF65-226D611EAC8A}.Release|Any CPU.Build.0 = Release|Any CPU
		{D3FE1024-EAA4-4878-A9D6-DEA6450119C3}.Debug|Any CPU.ActiveCfg = Debug|Any CPU
		{D3FE1024-EAA4-4878-A9D6-DEA6450119C3}.Debug|Any CPU.Build.0 = Debug|Any CPU
		{D3FE1024-EAA4-4878-A9D6-DEA6450119C3}.Release|Any CPU.ActiveCfg = Release|Any CPU
		{D3FE1024-EAA4-4878-A9D6-DEA6450119C3}.Release|Any CPU.Build.0 = Release|Any CPU
		{B7734913-E246-4236-B5D8-FA538A620A11}.Debug|Any CPU.ActiveCfg = Debug|Any CPU
		{B7734913-E246-4236-B5D8-FA538A620A11}.Debug|Any CPU.Build.0 = Debug|Any CPU
		{B7734913-E246-4236-B5D8-FA538A620A11}.Release|Any CPU.ActiveCfg = Release|Any CPU
		{B7734913-E246-4236-B5D8-FA538A620A11}.Release|Any CPU.Build.0 = Release|Any CPU
		{E5E24682-4DC4-49BE-9D06-CE0F5E1D2E4D}.Debug|Any CPU.ActiveCfg = Debug|Any CPU
		{E5E24682-4DC4-49BE-9D06-CE0F5E1D2E4D}.Debug|Any CPU.Build.0 = Debug|Any CPU
		{E5E24682-4DC4-49BE-9D06-CE0F5E1D2E4D}.Release|Any CPU.ActiveCfg = Release|Any CPU
		{E5E24682-4DC4-49BE-9D06-CE0F5E1D2E4D}.Release|Any CPU.Build.0 = Release|Any CPU
		{1435B1B0-1023-406D-A800-FDE022185745}.Debug|Any CPU.ActiveCfg = Debug|Any CPU
		{1435B1B0-1023-406D-A800-FDE022185745}.Debug|Any CPU.Build.0 = Debug|Any CPU
		{1435B1B0-1023-406D-A800-FDE022185745}.Release|Any CPU.ActiveCfg = Release|Any CPU
		{1435B1B0-1023-406D-A800-FDE022185745}.Release|Any CPU.Build.0 = Release|Any CPU
		{F96E9A31-0688-4CC4-9E75-407FF8B54877}.Debug|Any CPU.ActiveCfg = Debug|Any CPU
		{F96E9A31-0688-4CC4-9E75-407FF8B54877}.Debug|Any CPU.Build.0 = Debug|Any CPU
		{F96E9A31-0688-4CC4-9E75-407FF8B54877}.Release|Any CPU.ActiveCfg = Release|Any CPU
		{F96E9A31-0688-4CC4-9E75-407FF8B54877}.Release|Any CPU.Build.0 = Release|Any CPU
		{1F694C1A-779A-46BD-934F-7957A5AE83ED}.Debug|Any CPU.ActiveCfg = Debug|Any CPU
		{1F694C1A-779A-46BD-934F-7957A5AE83ED}.Debug|Any CPU.Build.0 = Debug|Any CPU
		{1F694C1A-779A-46BD-934F-7957A5AE83ED}.Release|Any CPU.ActiveCfg = Release|Any CPU
		{1F694C1A-779A-46BD-934F-7957A5AE83ED}.Release|Any CPU.Build.0 = Release|Any CPU
		{4EE6B66C-B82E-4A5E-B66D-66887C201E32}.Debug|Any CPU.ActiveCfg = Debug|Any CPU
		{4EE6B66C-B82E-4A5E-B66D-66887C201E32}.Debug|Any CPU.Build.0 = Debug|Any CPU
		{4EE6B66C-B82E-4A5E-B66D-66887C201E32}.Release|Any CPU.ActiveCfg = Release|Any CPU
		{4EE6B66C-B82E-4A5E-B66D-66887C201E32}.Release|Any CPU.Build.0 = Release|Any CPU
	EndGlobalSection
	GlobalSection(SolutionProperties) = preSolution
		HideSolutionNode = FALSE
	EndGlobalSection
	GlobalSection(ExtensibilityGlobals) = postSolution
		SolutionGuid = {2DF3D536-F31E-42BF-8FA1-87CF907BC7E5}
	EndGlobalSection
EndGlobal
