
Microsoft Visual Studio Solution File, Format Version 12.00
# Visual Studio Version 16
VisualStudioVersion = 16.0.30225.117
MinimumVisualStudioVersion = 10.0.40219.1
Project("{9A19103F-16F7-4668-BE54-9A1E7A4F7556}") = "01. ActivationKey", "01. ActivationKey\01. ActivationKey.csproj", "{A822FFD6-067A-4D34-BA5C-EE1D108B60EE}"
EndProject
Project("{9A19103F-16F7-4668-BE54-9A1E7A4F7556}") = "02. EmojiDetector", "02. EmojiDetector\02. EmojiDetector.csproj", "{843D8128-6666-45E4-BB2B-82E59F9C32FC}"
EndProject
Project("{9A19103F-16F7-4668-BE54-9A1E7A4F7556}") = "03. P!rates", "03. P!rates\03. P!rates.csproj", "{8ED63BF0-3DC3-425E-B695-B401B1A53655}"
EndProject
Project("{9A19103F-16F7-4668-BE54-9A1E7A4F7556}") = "04. PasswordReset", "04. PasswordReset\04. PasswordReset.csproj", "{FC5F1A51-E06A-4DD9-8E59-C37845270CF1}"
EndProject
Project("{9A19103F-16F7-4668-BE54-9A1E7A4F7556}") = "05. FancyBarcodes", "05. FancyBarcodes\05. FancyBarcodes.csproj", "{640D19B1-A312-4BC7-B57A-114B1F972EE1}"
EndProject
Project("{9A19103F-16F7-4668-BE54-9A1E7A4F7556}") = "06. HeroesOfCodeAndLogicVII", "06. HeroesOfCodeAndLogicVII\06. HeroesOfCodeAndLogicVII.csproj", "{A6FDC9C2-DDBA-418E-B1BA-C1AB0C32B35D}"
EndProject
Project("{FAE04EC0-301F-11D3-BF4B-00C04F79EFBC}") = "07. SecretChat", "07. SecretChat\07. SecretChat.csproj", "{3B3DCF13-3B24-44D6-AFD8-C3A4CB8D30C6}"
EndProject
Project("{FAE04EC0-301F-11D3-BF4B-00C04F79EFBC}") = "08. MirrorWords", "08. MirrorWords\08. MirrorWords.csproj", "{9F32004A-4B95-4B2E-BE5D-55203CF1CD1E}"
EndProject
Project("{FAE04EC0-301F-11D3-BF4B-00C04F79EFBC}") = "09. NeedForSpeedIII", "09. NeedForSpeedIII\09. NeedForSpeedIII.csproj", "{99E1E12C-20F6-40B0-9138-72AFC37713EB}"
EndProject
Global
	GlobalSection(SolutionConfigurationPlatforms) = preSolution
		Debug|Any CPU = Debug|Any CPU
		Release|Any CPU = Release|Any CPU
	EndGlobalSection
	GlobalSection(ProjectConfigurationPlatforms) = postSolution
		{A822FFD6-067A-4D34-BA5C-EE1D108B60EE}.Debug|Any CPU.ActiveCfg = Debug|Any CPU
		{A822FFD6-067A-4D34-BA5C-EE1D108B60EE}.Debug|Any CPU.Build.0 = Debug|Any CPU
		{A822FFD6-067A-4D34-BA5C-EE1D108B60EE}.Release|Any CPU.ActiveCfg = Release|Any CPU
		{A822FFD6-067A-4D34-BA5C-EE1D108B60EE}.Release|Any CPU.Build.0 = Release|Any CPU
		{843D8128-6666-45E4-BB2B-82E59F9C32FC}.Debug|Any CPU.ActiveCfg = Debug|Any CPU
		{843D8128-6666-45E4-BB2B-82E59F9C32FC}.Debug|Any CPU.Build.0 = Debug|Any CPU
		{843D8128-6666-45E4-BB2B-82E59F9C32FC}.Release|Any CPU.ActiveCfg = Release|Any CPU
		{843D8128-6666-45E4-BB2B-82E59F9C32FC}.Release|Any CPU.Build.0 = Release|Any CPU
		{8ED63BF0-3DC3-425E-B695-B401B1A53655}.Debug|Any CPU.ActiveCfg = Debug|Any CPU
		{8ED63BF0-3DC3-425E-B695-B401B1A53655}.Debug|Any CPU.Build.0 = Debug|Any CPU
		{8ED63BF0-3DC3-425E-B695-B401B1A53655}.Release|Any CPU.ActiveCfg = Release|Any CPU
		{8ED63BF0-3DC3-425E-B695-B401B1A53655}.Release|Any CPU.Build.0 = Release|Any CPU
		{FC5F1A51-E06A-4DD9-8E59-C37845270CF1}.Debug|Any CPU.ActiveCfg = Debug|Any CPU
		{FC5F1A51-E06A-4DD9-8E59-C37845270CF1}.Debug|Any CPU.Build.0 = Debug|Any CPU
		{FC5F1A51-E06A-4DD9-8E59-C37845270CF1}.Release|Any CPU.ActiveCfg = Release|Any CPU
		{FC5F1A51-E06A-4DD9-8E59-C37845270CF1}.Release|Any CPU.Build.0 = Release|Any CPU
		{640D19B1-A312-4BC7-B57A-114B1F972EE1}.Debug|Any CPU.ActiveCfg = Debug|Any CPU
		{640D19B1-A312-4BC7-B57A-114B1F972EE1}.Debug|Any CPU.Build.0 = Debug|Any CPU
		{640D19B1-A312-4BC7-B57A-114B1F972EE1}.Release|Any CPU.ActiveCfg = Release|Any CPU
		{640D19B1-A312-4BC7-B57A-114B1F972EE1}.Release|Any CPU.Build.0 = Release|Any CPU
		{A6FDC9C2-DDBA-418E-B1BA-C1AB0C32B35D}.Debug|Any CPU.ActiveCfg = Debug|Any CPU
		{A6FDC9C2-DDBA-418E-B1BA-C1AB0C32B35D}.Debug|Any CPU.Build.0 = Debug|Any CPU
		{A6FDC9C2-DDBA-418E-B1BA-C1AB0C32B35D}.Release|Any CPU.ActiveCfg = Release|Any CPU
		{A6FDC9C2-DDBA-418E-B1BA-C1AB0C32B35D}.Release|Any CPU.Build.0 = Release|Any CPU
		{3B3DCF13-3B24-44D6-AFD8-C3A4CB8D30C6}.Debug|Any CPU.ActiveCfg = Debug|Any CPU
		{3B3DCF13-3B24-44D6-AFD8-C3A4CB8D30C6}.Debug|Any CPU.Build.0 = Debug|Any CPU
		{3B3DCF13-3B24-44D6-AFD8-C3A4CB8D30C6}.Release|Any CPU.ActiveCfg = Release|Any CPU
		{3B3DCF13-3B24-44D6-AFD8-C3A4CB8D30C6}.Release|Any CPU.Build.0 = Release|Any CPU
		{9F32004A-4B95-4B2E-BE5D-55203CF1CD1E}.Debug|Any CPU.ActiveCfg = Debug|Any CPU
		{9F32004A-4B95-4B2E-BE5D-55203CF1CD1E}.Debug|Any CPU.Build.0 = Debug|Any CPU
		{9F32004A-4B95-4B2E-BE5D-55203CF1CD1E}.Release|Any CPU.ActiveCfg = Release|Any CPU
		{9F32004A-4B95-4B2E-BE5D-55203CF1CD1E}.Release|Any CPU.Build.0 = Release|Any CPU
		{99E1E12C-20F6-40B0-9138-72AFC37713EB}.Debug|Any CPU.ActiveCfg = Debug|Any CPU
		{99E1E12C-20F6-40B0-9138-72AFC37713EB}.Debug|Any CPU.Build.0 = Debug|Any CPU
		{99E1E12C-20F6-40B0-9138-72AFC37713EB}.Release|Any CPU.ActiveCfg = Release|Any CPU
		{99E1E12C-20F6-40B0-9138-72AFC37713EB}.Release|Any CPU.Build.0 = Release|Any CPU
	EndGlobalSection
	GlobalSection(SolutionProperties) = preSolution
		HideSolutionNode = FALSE
	EndGlobalSection
	GlobalSection(ExtensibilityGlobals) = postSolution
		SolutionGuid = {91840538-FE2D-4603-8571-7A4D718AFB3E}
	EndGlobalSection
EndGlobal
