
Microsoft Visual Studio Solution File, Format Version 12.00
# Visual Studio Version 16
VisualStudioVersion = 16.0.30225.117
MinimumVisualStudioVersion = 10.0.40219.1
Project("{FAE04EC0-301F-11D3-BF4B-00C04F79EFBC}") = "01. AdvertisementMessage", "01. AdvertisementMessage\01. AdvertisementMessage.csproj", "{4CC1F26D-482D-4E28-8964-4C73662F83E1}"
EndProject
Global
	GlobalSection(SolutionConfigurationPlatforms) = preSolution
		Debug|Any CPU = Debug|Any CPU
		Release|Any CPU = Release|Any CPU
	EndGlobalSection
	GlobalSection(ProjectConfigurationPlatforms) = postSolution
		{4CC1F26D-482D-4E28-8964-4C73662F83E1}.Debug|Any CPU.ActiveCfg = Debug|Any CPU
		{4CC1F26D-482D-4E28-8964-4C73662F83E1}.Debug|Any CPU.Build.0 = Debug|Any CPU
		{4CC1F26D-482D-4E28-8964-4C73662F83E1}.Release|Any CPU.ActiveCfg = Release|Any CPU
		{4CC1F26D-482D-4E28-8964-4C73662F83E1}.Release|Any CPU.Build.0 = Release|Any CPU
	EndGlobalSection
	GlobalSection(SolutionProperties) = preSolution
		HideSolutionNode = FALSE
	EndGlobalSection
	GlobalSection(ExtensibilityGlobals) = postSolution
		SolutionGuid = {64C0C6DA-E89D-4B32-8D9C-20322747F87E}
	EndGlobalSection
EndGlobal
