
Microsoft Visual Studio Solution File, Format Version 12.00
# Visual Studio Version 16
VisualStudioVersion = 16.0.30717.126
MinimumVisualStudioVersion = 10.0.40219.1
Project("{FAE04EC0-301F-11D3-BF4B-00C04F79EFBC}") = "CommandPattern", "CommandPattern\CommandPattern.csproj", "{61586CE1-F091-44F4-B4CA-8A8F4AD78D65}"
EndProject
Global
	GlobalSection(SolutionConfigurationPlatforms) = preSolution
		Debug|Any CPU = Debug|Any CPU
		Release|Any CPU = Release|Any CPU
	EndGlobalSection
	GlobalSection(ProjectConfigurationPlatforms) = postSolution
		{61586CE1-F091-44F4-B4CA-8A8F4AD78D65}.Debug|Any CPU.ActiveCfg = Debug|Any CPU
		{61586CE1-F091-44F4-B4CA-8A8F4AD78D65}.Debug|Any CPU.Build.0 = Debug|Any CPU
		{61586CE1-F091-44F4-B4CA-8A8F4AD78D65}.Release|Any CPU.ActiveCfg = Release|Any CPU
		{61586CE1-F091-44F4-B4CA-8A8F4AD78D65}.Release|Any CPU.Build.0 = Release|Any CPU
	EndGlobalSection
	GlobalSection(SolutionProperties) = preSolution
		HideSolutionNode = FALSE
	EndGlobalSection
	GlobalSection(ExtensibilityGlobals) = postSolution
		SolutionGuid = {67141BDB-2DE8-4CD2-B950-39B0C0C544CA}
	EndGlobalSection
EndGlobal
