
Microsoft Visual Studio Solution File, Format Version 12.00
# Visual Studio Version 16
VisualStudioVersion = 16.0.30717.126
MinimumVisualStudioVersion = 10.0.40219.1
Project("{FAE04EC0-301F-11D3-BF4B-00C04F79EFBC}") = "01.ActionPrint", "01.ActionPrint\01.ActionPrint.csproj", "{C8013F4E-80EF-457E-8FE3-D474727E072C}"
EndProject
Project("{FAE04EC0-301F-11D3-BF4B-00C04F79EFBC}") = "02.KnightsOfHonor", "02.KnightsOfHonor\02.KnightsOfHonor.csproj", "{C62F3BBC-B80B-4BB2-AA45-A5E50B78A946}"
EndProject
Project("{FAE04EC0-301F-11D3-BF4B-00C04F79EFBC}") = "03.CustomMinFunction", "03.CustomMinFunction\03.CustomMinFunction.csproj", "{9CF83D3C-9D19-4296-B54B-040B6BF906AC}"
EndProject
Project("{FAE04EC0-301F-11D3-BF4B-00C04F79EFBC}") = "04.FindEvensOrOdds", "04.FindEvensOrOdds\04.FindEvensOrOdds.csproj", "{E893FDCD-9730-499D-A43D-C57461EB0C37}"
EndProject
Project("{FAE04EC0-301F-11D3-BF4B-00C04F79EFBC}") = "05.AppliedArithmetics", "06.ReverseAndExclude\05.AppliedArithmetics.csproj", "{8AB0B965-1E4F-4E95-8673-341F45EBECC6}"
EndProject
Project("{FAE04EC0-301F-11D3-BF4B-00C04F79EFBC}") = "06.ReverseAndExclude", "06.ReverseAndExclude\06.ReverseAndExclude.csproj", "{467BF7A9-A4B7-4115-85F9-E72DC3772302}"
EndProject
Project("{FAE04EC0-301F-11D3-BF4B-00C04F79EFBC}") = "07.PredicateForNames", "07.PredicateForNames\07.PredicateForNames.csproj", "{CD5F6C3D-703C-4601-A0F5-248382C615A1}"
EndProject
Project("{FAE04EC0-301F-11D3-BF4B-00C04F79EFBC}") = "08.CustomComparator", "08.CustomComparator\08.CustomComparator.csproj", "{FAAFA2BB-D225-4970-A109-7CDF600E6A21}"
EndProject
Project("{FAE04EC0-301F-11D3-BF4B-00C04F79EFBC}") = "09.ListOfPredicates", "09.ListOfPredicates\09.ListOfPredicates.csproj", "{742B4532-0AB8-4413-AF75-5F8C308E5E7F}"
EndProject
Project("{FAE04EC0-301F-11D3-BF4B-00C04F79EFBC}") = "10.PredicateParty", "10.PredicateParty\10.PredicateParty.csproj", "{CEFB4469-5A68-4212-843E-E51D75D9A0BF}"
EndProject
Project("{FAE04EC0-301F-11D3-BF4B-00C04F79EFBC}") = "11.ThePartyReservationFilterModule", "11.ThePartyReservationFilterModule\11.ThePartyReservationFilterModule.csproj", "{AFADADB3-30D6-4ED9-BFFB-00AEA6EC2673}"
EndProject
Project("{FAE04EC0-301F-11D3-BF4B-00C04F79EFBC}") = "12.TriFunction", "12.TriFunction\12.TriFunction.csproj", "{53446EFB-DEAD-429C-903B-33A8379DF637}"
EndProject
Global
	GlobalSection(SolutionConfigurationPlatforms) = preSolution
		Debug|Any CPU = Debug|Any CPU
		Release|Any CPU = Release|Any CPU
	EndGlobalSection
	GlobalSection(ProjectConfigurationPlatforms) = postSolution
		{C8013F4E-80EF-457E-8FE3-D474727E072C}.Debug|Any CPU.ActiveCfg = Debug|Any CPU
		{C8013F4E-80EF-457E-8FE3-D474727E072C}.Debug|Any CPU.Build.0 = Debug|Any CPU
		{C8013F4E-80EF-457E-8FE3-D474727E072C}.Release|Any CPU.ActiveCfg = Release|Any CPU
		{C8013F4E-80EF-457E-8FE3-D474727E072C}.Release|Any CPU.Build.0 = Release|Any CPU
		{C62F3BBC-B80B-4BB2-AA45-A5E50B78A946}.Debug|Any CPU.ActiveCfg = Debug|Any CPU
		{C62F3BBC-B80B-4BB2-AA45-A5E50B78A946}.Debug|Any CPU.Build.0 = Debug|Any CPU
		{C62F3BBC-B80B-4BB2-AA45-A5E50B78A946}.Release|Any CPU.ActiveCfg = Release|Any CPU
		{C62F3BBC-B80B-4BB2-AA45-A5E50B78A946}.Release|Any CPU.Build.0 = Release|Any CPU
		{9CF83D3C-9D19-4296-B54B-040B6BF906AC}.Debug|Any CPU.ActiveCfg = Debug|Any CPU
		{9CF83D3C-9D19-4296-B54B-040B6BF906AC}.Debug|Any CPU.Build.0 = Debug|Any CPU
		{9CF83D3C-9D19-4296-B54B-040B6BF906AC}.Release|Any CPU.ActiveCfg = Release|Any CPU
		{9CF83D3C-9D19-4296-B54B-040B6BF906AC}.Release|Any CPU.Build.0 = Release|Any CPU
		{E893FDCD-9730-499D-A43D-C57461EB0C37}.Debug|Any CPU.ActiveCfg = Debug|Any CPU
		{E893FDCD-9730-499D-A43D-C57461EB0C37}.Debug|Any CPU.Build.0 = Debug|Any CPU
		{E893FDCD-9730-499D-A43D-C57461EB0C37}.Release|Any CPU.ActiveCfg = Release|Any CPU
		{E893FDCD-9730-499D-A43D-C57461EB0C37}.Release|Any CPU.Build.0 = Release|Any CPU
		{8AB0B965-1E4F-4E95-8673-341F45EBECC6}.Debug|Any CPU.ActiveCfg = Debug|Any CPU
		{8AB0B965-1E4F-4E95-8673-341F45EBECC6}.Debug|Any CPU.Build.0 = Debug|Any CPU
		{8AB0B965-1E4F-4E95-8673-341F45EBECC6}.Release|Any CPU.ActiveCfg = Release|Any CPU
		{8AB0B965-1E4F-4E95-8673-341F45EBECC6}.Release|Any CPU.Build.0 = Release|Any CPU
		{467BF7A9-A4B7-4115-85F9-E72DC3772302}.Debug|Any CPU.ActiveCfg = Debug|Any CPU
		{467BF7A9-A4B7-4115-85F9-E72DC3772302}.Debug|Any CPU.Build.0 = Debug|Any CPU
		{467BF7A9-A4B7-4115-85F9-E72DC3772302}.Release|Any CPU.ActiveCfg = Release|Any CPU
		{467BF7A9-A4B7-4115-85F9-E72DC3772302}.Release|Any CPU.Build.0 = Release|Any CPU
		{CD5F6C3D-703C-4601-A0F5-248382C615A1}.Debug|Any CPU.ActiveCfg = Debug|Any CPU
		{CD5F6C3D-703C-4601-A0F5-248382C615A1}.Debug|Any CPU.Build.0 = Debug|Any CPU
		{CD5F6C3D-703C-4601-A0F5-248382C615A1}.Release|Any CPU.ActiveCfg = Release|Any CPU
		{CD5F6C3D-703C-4601-A0F5-248382C615A1}.Release|Any CPU.Build.0 = Release|Any CPU
		{FAAFA2BB-D225-4970-A109-7CDF600E6A21}.Debug|Any CPU.ActiveCfg = Debug|Any CPU
		{FAAFA2BB-D225-4970-A109-7CDF600E6A21}.Debug|Any CPU.Build.0 = Debug|Any CPU
		{FAAFA2BB-D225-4970-A109-7CDF600E6A21}.Release|Any CPU.ActiveCfg = Release|Any CPU
		{FAAFA2BB-D225-4970-A109-7CDF600E6A21}.Release|Any CPU.Build.0 = Release|Any CPU
		{742B4532-0AB8-4413-AF75-5F8C308E5E7F}.Debug|Any CPU.ActiveCfg = Debug|Any CPU
		{742B4532-0AB8-4413-AF75-5F8C308E5E7F}.Debug|Any CPU.Build.0 = Debug|Any CPU
		{742B4532-0AB8-4413-AF75-5F8C308E5E7F}.Release|Any CPU.ActiveCfg = Release|Any CPU
		{742B4532-0AB8-4413-AF75-5F8C308E5E7F}.Release|Any CPU.Build.0 = Release|Any CPU
		{CEFB4469-5A68-4212-843E-E51D75D9A0BF}.Debug|Any CPU.ActiveCfg = Debug|Any CPU
		{CEFB4469-5A68-4212-843E-E51D75D9A0BF}.Debug|Any CPU.Build.0 = Debug|Any CPU
		{CEFB4469-5A68-4212-843E-E51D75D9A0BF}.Release|Any CPU.ActiveCfg = Release|Any CPU
		{CEFB4469-5A68-4212-843E-E51D75D9A0BF}.Release|Any CPU.Build.0 = Release|Any CPU
		{AFADADB3-30D6-4ED9-BFFB-00AEA6EC2673}.Debug|Any CPU.ActiveCfg = Debug|Any CPU
		{AFADADB3-30D6-4ED9-BFFB-00AEA6EC2673}.Debug|Any CPU.Build.0 = Debug|Any CPU
		{AFADADB3-30D6-4ED9-BFFB-00AEA6EC2673}.Release|Any CPU.ActiveCfg = Release|Any CPU
		{AFADADB3-30D6-4ED9-BFFB-00AEA6EC2673}.Release|Any CPU.Build.0 = Release|Any CPU
		{53446EFB-DEAD-429C-903B-33A8379DF637}.Debug|Any CPU.ActiveCfg = Debug|Any CPU
		{53446EFB-DEAD-429C-903B-33A8379DF637}.Debug|Any CPU.Build.0 = Debug|Any CPU
		{53446EFB-DEAD-429C-903B-33A8379DF637}.Release|Any CPU.ActiveCfg = Release|Any CPU
		{53446EFB-DEAD-429C-903B-33A8379DF637}.Release|Any CPU.Build.0 = Release|Any CPU
	EndGlobalSection
	GlobalSection(SolutionProperties) = preSolution
		HideSolutionNode = FALSE
	EndGlobalSection
	GlobalSection(ExtensibilityGlobals) = postSolution
		SolutionGuid = {07916017-3EC1-45C1-A5C0-8CEF633CFDBF}
	EndGlobalSection
EndGlobal
