
Microsoft Visual Studio Solution File, Format Version 12.00
# Visual Studio Version 16
VisualStudioVersion = 16.0.30717.126
MinimumVisualStudioVersion = 10.0.40219.1
Project("{9A19103F-16F7-4668-BE54-9A1E7A4F7556}") = "GenericBoxOfString", "GenericBoxOfString\GenericBoxOfString.csproj", "{5FB87C4A-E900-44BD-B7A8-48A819B35AA7}"
EndProject
Project("{FAE04EC0-301F-11D3-BF4B-00C04F79EFBC}") = "GenericBoxOfIntegers", "GenericBoxOfIntegers\GenericBoxOfIntegers.csproj", "{014B7CCE-A9CE-4E4F-8551-7F72BA042A44}"
EndProject
Project("{FAE04EC0-301F-11D3-BF4B-00C04F79EFBC}") = "GenericSwapMethodStrings", "GenericSwapMethodStrings\GenericSwapMethodStrings.csproj", "{47232AD9-E70B-4CD2-A0A6-E1A9DCBC9BA6}"
EndProject
Project("{FAE04EC0-301F-11D3-BF4B-00C04F79EFBC}") = "GenericSwapMethodIntegers", "GenericSwapMethodIntegers\GenericSwapMethodIntegers.csproj", "{339603B4-4EB9-49B5-8CE3-925D4876D677}"
EndProject
Project("{FAE04EC0-301F-11D3-BF4B-00C04F79EFBC}") = "GenericCountMethodStrings", "GenericCountMethodStrings\GenericCountMethodStrings.csproj", "{6A39EFF0-D483-46B4-AD49-EACF6457D982}"
EndProject
Global
	GlobalSection(SolutionConfigurationPlatforms) = preSolution
		Debug|Any CPU = Debug|Any CPU
		Release|Any CPU = Release|Any CPU
	EndGlobalSection
	GlobalSection(ProjectConfigurationPlatforms) = postSolution
		{5FB87C4A-E900-44BD-B7A8-48A819B35AA7}.Debug|Any CPU.ActiveCfg = Debug|Any CPU
		{5FB87C4A-E900-44BD-B7A8-48A819B35AA7}.Debug|Any CPU.Build.0 = Debug|Any CPU
		{5FB87C4A-E900-44BD-B7A8-48A819B35AA7}.Release|Any CPU.ActiveCfg = Release|Any CPU
		{5FB87C4A-E900-44BD-B7A8-48A819B35AA7}.Release|Any CPU.Build.0 = Release|Any CPU
		{014B7CCE-A9CE-4E4F-8551-7F72BA042A44}.Debug|Any CPU.ActiveCfg = Debug|Any CPU
		{014B7CCE-A9CE-4E4F-8551-7F72BA042A44}.Debug|Any CPU.Build.0 = Debug|Any CPU
		{014B7CCE-A9CE-4E4F-8551-7F72BA042A44}.Release|Any CPU.ActiveCfg = Release|Any CPU
		{014B7CCE-A9CE-4E4F-8551-7F72BA042A44}.Release|Any CPU.Build.0 = Release|Any CPU
		{47232AD9-E70B-4CD2-A0A6-E1A9DCBC9BA6}.Debug|Any CPU.ActiveCfg = Debug|Any CPU
		{47232AD9-E70B-4CD2-A0A6-E1A9DCBC9BA6}.Debug|Any CPU.Build.0 = Debug|Any CPU
		{47232AD9-E70B-4CD2-A0A6-E1A9DCBC9BA6}.Release|Any CPU.ActiveCfg = Release|Any CPU
		{47232AD9-E70B-4CD2-A0A6-E1A9DCBC9BA6}.Release|Any CPU.Build.0 = Release|Any CPU
		{339603B4-4EB9-49B5-8CE3-925D4876D677}.Debug|Any CPU.ActiveCfg = Debug|Any CPU
		{339603B4-4EB9-49B5-8CE3-925D4876D677}.Debug|Any CPU.Build.0 = Debug|Any CPU
		{339603B4-4EB9-49B5-8CE3-925D4876D677}.Release|Any CPU.ActiveCfg = Release|Any CPU
		{339603B4-4EB9-49B5-8CE3-925D4876D677}.Release|Any CPU.Build.0 = Release|Any CPU
		{6A39EFF0-D483-46B4-AD49-EACF6457D982}.Debug|Any CPU.ActiveCfg = Debug|Any CPU
		{6A39EFF0-D483-46B4-AD49-EACF6457D982}.Debug|Any CPU.Build.0 = Debug|Any CPU
		{6A39EFF0-D483-46B4-AD49-EACF6457D982}.Release|Any CPU.ActiveCfg = Release|Any CPU
		{6A39EFF0-D483-46B4-AD49-EACF6457D982}.Release|Any CPU.Build.0 = Release|Any CPU
	EndGlobalSection
	GlobalSection(SolutionProperties) = preSolution
		HideSolutionNode = FALSE
	EndGlobalSection
	GlobalSection(ExtensibilityGlobals) = postSolution
		SolutionGuid = {46BED2A7-D59B-4331-9E09-820233C81665}
	EndGlobalSection
EndGlobal
