
Microsoft Visual Studio Solution File, Format Version 12.00
# Visual Studio Version 16
VisualStudioVersion = 16.0.30717.126
MinimumVisualStudioVersion = 10.0.40219.1
Project("{FAE04EC0-301F-11D3-BF4B-00C04F79EFBC}") = "EvenLines", "EvenLines\EvenLines.csproj", "{3B6543B0-E9F6-4C0D-8626-0E34A411238F}"
EndProject
Project("{FAE04EC0-301F-11D3-BF4B-00C04F79EFBC}") = "LineNumbers", "LineNumbers\LineNumbers.csproj", "{60562C04-5A3F-48AA-B3BE-A1606611B829}"
EndProject
Project("{FAE04EC0-301F-11D3-BF4B-00C04F79EFBC}") = "WordCount", "WordCount\WordCount.csproj", "{181FD20D-3BA5-4182-9A66-CA6B466DEB99}"
EndProject
Project("{FAE04EC0-301F-11D3-BF4B-00C04F79EFBC}") = "CopyBinaryFile", "CopyBinaryFile\CopyBinaryFile.csproj", "{A5E53FD0-DD88-4A2E-B99E-0EB0A01968DA}"
EndProject
Project("{FAE04EC0-301F-11D3-BF4B-00C04F79EFBC}") = "DirectoryTraversal", "DirectoryTraversal\DirectoryTraversal.csproj", "{E02FB603-6A85-4B3D-BA06-8998DB030FD2}"
EndProject
Project("{FAE04EC0-301F-11D3-BF4B-00C04F79EFBC}") = "ZipAndExtract", "ZipAndExtract\ZipAndExtract.csproj", "{DE250F6C-2401-4A22-BD08-545B1F319B0C}"
EndProject
Global
	GlobalSection(SolutionConfigurationPlatforms) = preSolution
		Debug|Any CPU = Debug|Any CPU
		Release|Any CPU = Release|Any CPU
	EndGlobalSection
	GlobalSection(ProjectConfigurationPlatforms) = postSolution
		{3B6543B0-E9F6-4C0D-8626-0E34A411238F}.Debug|Any CPU.ActiveCfg = Debug|Any CPU
		{3B6543B0-E9F6-4C0D-8626-0E34A411238F}.Debug|Any CPU.Build.0 = Debug|Any CPU
		{3B6543B0-E9F6-4C0D-8626-0E34A411238F}.Release|Any CPU.ActiveCfg = Release|Any CPU
		{3B6543B0-E9F6-4C0D-8626-0E34A411238F}.Release|Any CPU.Build.0 = Release|Any CPU
		{60562C04-5A3F-48AA-B3BE-A1606611B829}.Debug|Any CPU.ActiveCfg = Debug|Any CPU
		{60562C04-5A3F-48AA-B3BE-A1606611B829}.Debug|Any CPU.Build.0 = Debug|Any CPU
		{60562C04-5A3F-48AA-B3BE-A1606611B829}.Release|Any CPU.ActiveCfg = Release|Any CPU
		{60562C04-5A3F-48AA-B3BE-A1606611B829}.Release|Any CPU.Build.0 = Release|Any CPU
		{181FD20D-3BA5-4182-9A66-CA6B466DEB99}.Debug|Any CPU.ActiveCfg = Debug|Any CPU
		{181FD20D-3BA5-4182-9A66-CA6B466DEB99}.Debug|Any CPU.Build.0 = Debug|Any CPU
		{181FD20D-3BA5-4182-9A66-CA6B466DEB99}.Release|Any CPU.ActiveCfg = Release|Any CPU
		{181FD20D-3BA5-4182-9A66-CA6B466DEB99}.Release|Any CPU.Build.0 = Release|Any CPU
		{A5E53FD0-DD88-4A2E-B99E-0EB0A01968DA}.Debug|Any CPU.ActiveCfg = Debug|Any CPU
		{A5E53FD0-DD88-4A2E-B99E-0EB0A01968DA}.Debug|Any CPU.Build.0 = Debug|Any CPU
		{A5E53FD0-DD88-4A2E-B99E-0EB0A01968DA}.Release|Any CPU.ActiveCfg = Release|Any CPU
		{A5E53FD0-DD88-4A2E-B99E-0EB0A01968DA}.Release|Any CPU.Build.0 = Release|Any CPU
		{E02FB603-6A85-4B3D-BA06-8998DB030FD2}.Debug|Any CPU.ActiveCfg = Debug|Any CPU
		{E02FB603-6A85-4B3D-BA06-8998DB030FD2}.Debug|Any CPU.Build.0 = Debug|Any CPU
		{E02FB603-6A85-4B3D-BA06-8998DB030FD2}.Release|Any CPU.ActiveCfg = Release|Any CPU
		{E02FB603-6A85-4B3D-BA06-8998DB030FD2}.Release|Any CPU.Build.0 = Release|Any CPU
		{DE250F6C-2401-4A22-BD08-545B1F319B0C}.Debug|Any CPU.ActiveCfg = Debug|Any CPU
		{DE250F6C-2401-4A22-BD08-545B1F319B0C}.Debug|Any CPU.Build.0 = Debug|Any CPU
		{DE250F6C-2401-4A22-BD08-545B1F319B0C}.Release|Any CPU.ActiveCfg = Release|Any CPU
		{DE250F6C-2401-4A22-BD08-545B1F319B0C}.Release|Any CPU.Build.0 = Release|Any CPU
	EndGlobalSection
	GlobalSection(SolutionProperties) = preSolution
		HideSolutionNode = FALSE
	EndGlobalSection
	GlobalSection(ExtensibilityGlobals) = postSolution
		SolutionGuid = {E3204660-BC8A-4157-B788-E358675DCE4A}
	EndGlobalSection
EndGlobal
