
Microsoft Visual Studio Solution File, Format Version 12.00
# Visual Studio Version 16
VisualStudioVersion = 16.0.30225.117
MinimumVisualStudioVersion = 10.0.40219.1
Project("{2150E333-8FDC-42A3-9474-1A3956D46DE8}") = "Mid Exam - 07 April 2020", "Mid Exam - 07 April 2020", "{B078BC60-43B9-4C59-9770-B93E1FFBF282}"
EndProject
Project("{FAE04EC0-301F-11D3-BF4B-00C04F79EFBC}") = "02. ShootForTheWin", "Mid Exam - 07 April 2020\02. ShootForTheWin\02. ShootForTheWin.csproj", "{61088E85-8161-4DC6-8328-7F72521FAC9D}"
EndProject
Project("{FAE04EC0-301F-11D3-BF4B-00C04F79EFBC}") = "01. CounterStrike", "Mid Exam - 07 April 2020\01. CounterStrike\01. CounterStrike.csproj", "{34A877ED-2503-4B81-A13A-FEA59ED3D1FC}"
EndProject
Project("{FAE04EC0-301F-11D3-BF4B-00C04F79EFBC}") = "03. MovingTarget", "Mid Exam - 07 April 2020\03. MovingTarget\03. MovingTarget.csproj", "{13D0AF97-3A3E-49F5-89C1-5FEEE2572B60}"
EndProject
Project("{2150E333-8FDC-42A3-9474-1A3956D46DE8}") = "Mid Exam - 29 February 2020 Group 2", "Mid Exam - 29 February 2020 Group 2", "{A2774B7F-13DA-4E27-968E-01DCAC8B1F4D}"
EndProject
Project("{FAE04EC0-301F-11D3-BF4B-00C04F79EFBC}") = "01. NationalCourt", "Mid Exam - 29 February 2020 Group 2\01. NationalCourt\01. NationalCourt.csproj", "{7D62C563-AC3F-4FB4-BED7-AF63F869F8F3}"
EndProject
Project("{FAE04EC0-301F-11D3-BF4B-00C04F79EFBC}") = "02. ShoppingList", "Mid Exam - 29 February 2020 Group 2\02. ShoppingList\02. ShoppingList.csproj", "{3B5B5B84-EA83-4752-AB5B-8543E6F11E91}"
EndProject
Project("{FAE04EC0-301F-11D3-BF4B-00C04F79EFBC}") = "03. HeartDelivery", "Mid Exam - 29 February 2020 Group 2\03. HeartDelivery\03. HeartDelivery.csproj", "{53C80CAB-843B-45A3-A018-136640583063}"
EndProject
Project("{2150E333-8FDC-42A3-9474-1A3956D46DE8}") = "Mid Exam - 29 February 2020 Group 1", "Mid Exam - 29 February 2020 Group 1", "{33D3CAEB-A6B8-490C-8BD3-52E82848BE30}"
EndProject
Project("{FAE04EC0-301F-11D3-BF4B-00C04F79EFBC}") = "01. BonusScoringSystem", "Mid Exam - 29 February 2020 Group 1\01. BonusScoringSystem\01. BonusScoringSystem.csproj", "{A736EB3C-5724-4EBC-B0EB-9CD5F915E7B5}"
EndProject
Project("{FAE04EC0-301F-11D3-BF4B-00C04F79EFBC}") = "02. MuOnline", "Mid Exam - 29 February 2020 Group 1\02. MuOnline\02. MuOnline.csproj", "{72460070-8143-4F5E-B30C-11C9A1598233}"
EndProject
Global
	GlobalSection(SolutionConfigurationPlatforms) = preSolution
		Debug|Any CPU = Debug|Any CPU
		Release|Any CPU = Release|Any CPU
	EndGlobalSection
	GlobalSection(ProjectConfigurationPlatforms) = postSolution
		{61088E85-8161-4DC6-8328-7F72521FAC9D}.Debug|Any CPU.ActiveCfg = Debug|Any CPU
		{61088E85-8161-4DC6-8328-7F72521FAC9D}.Debug|Any CPU.Build.0 = Debug|Any CPU
		{61088E85-8161-4DC6-8328-7F72521FAC9D}.Release|Any CPU.ActiveCfg = Release|Any CPU
		{61088E85-8161-4DC6-8328-7F72521FAC9D}.Release|Any CPU.Build.0 = Release|Any CPU
		{34A877ED-2503-4B81-A13A-FEA59ED3D1FC}.Debug|Any CPU.ActiveCfg = Debug|Any CPU
		{34A877ED-2503-4B81-A13A-FEA59ED3D1FC}.Debug|Any CPU.Build.0 = Debug|Any CPU
		{34A877ED-2503-4B81-A13A-FEA59ED3D1FC}.Release|Any CPU.ActiveCfg = Release|Any CPU
		{34A877ED-2503-4B81-A13A-FEA59ED3D1FC}.Release|Any CPU.Build.0 = Release|Any CPU
		{13D0AF97-3A3E-49F5-89C1-5FEEE2572B60}.Debug|Any CPU.ActiveCfg = Debug|Any CPU
		{13D0AF97-3A3E-49F5-89C1-5FEEE2572B60}.Debug|Any CPU.Build.0 = Debug|Any CPU
		{13D0AF97-3A3E-49F5-89C1-5FEEE2572B60}.Release|Any CPU.ActiveCfg = Release|Any CPU
		{13D0AF97-3A3E-49F5-89C1-5FEEE2572B60}.Release|Any CPU.Build.0 = Release|Any CPU
		{7D62C563-AC3F-4FB4-BED7-AF63F869F8F3}.Debug|Any CPU.ActiveCfg = Debug|Any CPU
		{7D62C563-AC3F-4FB4-BED7-AF63F869F8F3}.Debug|Any CPU.Build.0 = Debug|Any CPU
		{7D62C563-AC3F-4FB4-BED7-AF63F869F8F3}.Release|Any CPU.ActiveCfg = Release|Any CPU
		{7D62C563-AC3F-4FB4-BED7-AF63F869F8F3}.Release|Any CPU.Build.0 = Release|Any CPU
		{3B5B5B84-EA83-4752-AB5B-8543E6F11E91}.Debug|Any CPU.ActiveCfg = Debug|Any CPU
		{3B5B5B84-EA83-4752-AB5B-8543E6F11E91}.Debug|Any CPU.Build.0 = Debug|Any CPU
		{3B5B5B84-EA83-4752-AB5B-8543E6F11E91}.Release|Any CPU.ActiveCfg = Release|Any CPU
		{3B5B5B84-EA83-4752-AB5B-8543E6F11E91}.Release|Any CPU.Build.0 = Release|Any CPU
		{53C80CAB-843B-45A3-A018-136640583063}.Debug|Any CPU.ActiveCfg = Debug|Any CPU
		{53C80CAB-843B-45A3-A018-136640583063}.Debug|Any CPU.Build.0 = Debug|Any CPU
		{53C80CAB-843B-45A3-A018-136640583063}.Release|Any CPU.ActiveCfg = Release|Any CPU
		{53C80CAB-843B-45A3-A018-136640583063}.Release|Any CPU.Build.0 = Release|Any CPU
		{A736EB3C-5724-4EBC-B0EB-9CD5F915E7B5}.Debug|Any CPU.ActiveCfg = Debug|Any CPU
		{A736EB3C-5724-4EBC-B0EB-9CD5F915E7B5}.Debug|Any CPU.Build.0 = Debug|Any CPU
		{A736EB3C-5724-4EBC-B0EB-9CD5F915E7B5}.Release|Any CPU.ActiveCfg = Release|Any CPU
		{A736EB3C-5724-4EBC-B0EB-9CD5F915E7B5}.Release|Any CPU.Build.0 = Release|Any CPU
		{72460070-8143-4F5E-B30C-11C9A1598233}.Debug|Any CPU.ActiveCfg = Debug|Any CPU
		{72460070-8143-4F5E-B30C-11C9A1598233}.Debug|Any CPU.Build.0 = Debug|Any CPU
		{72460070-8143-4F5E-B30C-11C9A1598233}.Release|Any CPU.ActiveCfg = Release|Any CPU
		{72460070-8143-4F5E-B30C-11C9A1598233}.Release|Any CPU.Build.0 = Release|Any CPU
	EndGlobalSection
	GlobalSection(SolutionProperties) = preSolution
		HideSolutionNode = FALSE
	EndGlobalSection
	GlobalSection(NestedProjects) = preSolution
		{61088E85-8161-4DC6-8328-7F72521FAC9D} = {B078BC60-43B9-4C59-9770-B93E1FFBF282}
		{34A877ED-2503-4B81-A13A-FEA59ED3D1FC} = {B078BC60-43B9-4C59-9770-B93E1FFBF282}
		{13D0AF97-3A3E-49F5-89C1-5FEEE2572B60} = {B078BC60-43B9-4C59-9770-B93E1FFBF282}
		{7D62C563-AC3F-4FB4-BED7-AF63F869F8F3} = {A2774B7F-13DA-4E27-968E-01DCAC8B1F4D}
		{3B5B5B84-EA83-4752-AB5B-8543E6F11E91} = {A2774B7F-13DA-4E27-968E-01DCAC8B1F4D}
		{53C80CAB-843B-45A3-A018-136640583063} = {A2774B7F-13DA-4E27-968E-01DCAC8B1F4D}
		{A736EB3C-5724-4EBC-B0EB-9CD5F915E7B5} = {33D3CAEB-A6B8-490C-8BD3-52E82848BE30}
		{72460070-8143-4F5E-B30C-11C9A1598233} = {33D3CAEB-A6B8-490C-8BD3-52E82848BE30}
	EndGlobalSection
	GlobalSection(ExtensibilityGlobals) = postSolution
		SolutionGuid = {C33CB5C8-A2F0-41A6-971E-F006078635D5}
	EndGlobalSection
EndGlobal
