
Microsoft Visual Studio Solution File, Format Version 12.00
# Visual Studio Version 16
VisualStudioVersion = 16.0.30225.117
MinimumVisualStudioVersion = 10.0.40219.1
Project("{FAE04EC0-301F-11D3-BF4B-00C04F79EFBC}") = "Problem1", "Problem1\Problem1.csproj", "{8DB707C6-5E07-4FC3-B8A8-49618190012F}"
EndProject
Project("{FAE04EC0-301F-11D3-BF4B-00C04F79EFBC}") = "Problem2", "Problem2\Problem2.csproj", "{AE020467-1434-4ED2-A8F3-8BEC700245F4}"
EndProject
Project("{FAE04EC0-301F-11D3-BF4B-00C04F79EFBC}") = "Problem3", "Problem3\Problem3.csproj", "{A5B29F7B-F9C7-4BE3-9A3E-C8AB3CFD62B6}"
EndProject
Global
	GlobalSection(SolutionConfigurationPlatforms) = preSolution
		Debug|Any CPU = Debug|Any CPU
		Release|Any CPU = Release|Any CPU
	EndGlobalSection
	GlobalSection(ProjectConfigurationPlatforms) = postSolution
		{8DB707C6-5E07-4FC3-B8A8-49618190012F}.Debug|Any CPU.ActiveCfg = Debug|Any CPU
		{8DB707C6-5E07-4FC3-B8A8-49618190012F}.Debug|Any CPU.Build.0 = Debug|Any CPU
		{8DB707C6-5E07-4FC3-B8A8-49618190012F}.Release|Any CPU.ActiveCfg = Release|Any CPU
		{8DB707C6-5E07-4FC3-B8A8-49618190012F}.Release|Any CPU.Build.0 = Release|Any CPU
		{AE020467-1434-4ED2-A8F3-8BEC700245F4}.Debug|Any CPU.ActiveCfg = Debug|Any CPU
		{AE020467-1434-4ED2-A8F3-8BEC700245F4}.Debug|Any CPU.Build.0 = Debug|Any CPU
		{AE020467-1434-4ED2-A8F3-8BEC700245F4}.Release|Any CPU.ActiveCfg = Release|Any CPU
		{AE020467-1434-4ED2-A8F3-8BEC700245F4}.Release|Any CPU.Build.0 = Release|Any CPU
		{A5B29F7B-F9C7-4BE3-9A3E-C8AB3CFD62B6}.Debug|Any CPU.ActiveCfg = Debug|Any CPU
		{A5B29F7B-F9C7-4BE3-9A3E-C8AB3CFD62B6}.Debug|Any CPU.Build.0 = Debug|Any CPU
		{A5B29F7B-F9C7-4BE3-9A3E-C8AB3CFD62B6}.Release|Any CPU.ActiveCfg = Release|Any CPU
		{A5B29F7B-F9C7-4BE3-9A3E-C8AB3CFD62B6}.Release|Any CPU.Build.0 = Release|Any CPU
	EndGlobalSection
	GlobalSection(SolutionProperties) = preSolution
		HideSolutionNode = FALSE
	EndGlobalSection
	GlobalSection(ExtensibilityGlobals) = postSolution
		SolutionGuid = {6169EDC9-7DDE-4A1E-B982-EB1DF3D8EFF4}
	EndGlobalSection
EndGlobal
