
Microsoft Visual Studio Solution File, Format Version 12.00
# Visual Studio Version 16
VisualStudioVersion = 16.0.30225.117
MinimumVisualStudioVersion = 10.0.40219.1
Project("{9A19103F-16F7-4668-BE54-9A1E7A4F7556}") = "01. Train", "01. Train\01. Train.csproj", "{00B338D3-F6B6-4A23-8D74-5B3C7A0C0F22}"
EndProject
Project("{9A19103F-16F7-4668-BE54-9A1E7A4F7556}") = "02. ChangeList", "02. ChangeList\02. ChangeList.csproj", "{508C037A-1170-455A-ACFB-A06611BCD2A4}"
EndProject
Project("{9A19103F-16F7-4668-BE54-9A1E7A4F7556}") = "03. HouseParty", "03. HouseParty\03. HouseParty.csproj", "{CBBD2A41-D8D5-466D-B4D2-1D7A90ACDE88}"
EndProject
Project("{9A19103F-16F7-4668-BE54-9A1E7A4F7556}") = "04. ListOperations", "04. ListOperations\04. ListOperations.csproj", "{6CF952C9-D292-4131-8FB7-AD1FE782E800}"
EndProject
Project("{9A19103F-16F7-4668-BE54-9A1E7A4F7556}") = "05. BombNumbers", "05. BombNumbers\05. BombNumbers.csproj", "{DCE85CA2-C3A7-49EE-B184-6D5B1A9F5440}"
EndProject
Project("{FAE04EC0-301F-11D3-BF4B-00C04F79EFBC}") = "06. CardsGame", "06. CardsGame\06. CardsGame.csproj", "{C6411499-EF52-4E78-9186-92E6F4A98D52}"
EndProject
Project("{FAE04EC0-301F-11D3-BF4B-00C04F79EFBC}") = "07. AppendArrays", "07. AppendArrays\07. AppendArrays.csproj", "{F0E9591A-CAF3-4108-9CAB-B78E127A6468}"
EndProject
Global
	GlobalSection(SolutionConfigurationPlatforms) = preSolution
		Debug|Any CPU = Debug|Any CPU
		Release|Any CPU = Release|Any CPU
	EndGlobalSection
	GlobalSection(ProjectConfigurationPlatforms) = postSolution
		{00B338D3-F6B6-4A23-8D74-5B3C7A0C0F22}.Debug|Any CPU.ActiveCfg = Debug|Any CPU
		{00B338D3-F6B6-4A23-8D74-5B3C7A0C0F22}.Debug|Any CPU.Build.0 = Debug|Any CPU
		{00B338D3-F6B6-4A23-8D74-5B3C7A0C0F22}.Release|Any CPU.ActiveCfg = Release|Any CPU
		{00B338D3-F6B6-4A23-8D74-5B3C7A0C0F22}.Release|Any CPU.Build.0 = Release|Any CPU
		{508C037A-1170-455A-ACFB-A06611BCD2A4}.Debug|Any CPU.ActiveCfg = Debug|Any CPU
		{508C037A-1170-455A-ACFB-A06611BCD2A4}.Debug|Any CPU.Build.0 = Debug|Any CPU
		{508C037A-1170-455A-ACFB-A06611BCD2A4}.Release|Any CPU.ActiveCfg = Release|Any CPU
		{508C037A-1170-455A-ACFB-A06611BCD2A4}.Release|Any CPU.Build.0 = Release|Any CPU
		{CBBD2A41-D8D5-466D-B4D2-1D7A90ACDE88}.Debug|Any CPU.ActiveCfg = Debug|Any CPU
		{CBBD2A41-D8D5-466D-B4D2-1D7A90ACDE88}.Debug|Any CPU.Build.0 = Debug|Any CPU
		{CBBD2A41-D8D5-466D-B4D2-1D7A90ACDE88}.Release|Any CPU.ActiveCfg = Release|Any CPU
		{CBBD2A41-D8D5-466D-B4D2-1D7A90ACDE88}.Release|Any CPU.Build.0 = Release|Any CPU
		{6CF952C9-D292-4131-8FB7-AD1FE782E800}.Debug|Any CPU.ActiveCfg = Debug|Any CPU
		{6CF952C9-D292-4131-8FB7-AD1FE782E800}.Debug|Any CPU.Build.0 = Debug|Any CPU
		{6CF952C9-D292-4131-8FB7-AD1FE782E800}.Release|Any CPU.ActiveCfg = Release|Any CPU
		{6CF952C9-D292-4131-8FB7-AD1FE782E800}.Release|Any CPU.Build.0 = Release|Any CPU
		{DCE85CA2-C3A7-49EE-B184-6D5B1A9F5440}.Debug|Any CPU.ActiveCfg = Debug|Any CPU
		{DCE85CA2-C3A7-49EE-B184-6D5B1A9F5440}.Debug|Any CPU.Build.0 = Debug|Any CPU
		{DCE85CA2-C3A7-49EE-B184-6D5B1A9F5440}.Release|Any CPU.ActiveCfg = Release|Any CPU
		{DCE85CA2-C3A7-49EE-B184-6D5B1A9F5440}.Release|Any CPU.Build.0 = Release|Any CPU
		{C6411499-EF52-4E78-9186-92E6F4A98D52}.Debug|Any CPU.ActiveCfg = Debug|Any CPU
		{C6411499-EF52-4E78-9186-92E6F4A98D52}.Debug|Any CPU.Build.0 = Debug|Any CPU
		{C6411499-EF52-4E78-9186-92E6F4A98D52}.Release|Any CPU.ActiveCfg = Release|Any CPU
		{C6411499-EF52-4E78-9186-92E6F4A98D52}.Release|Any CPU.Build.0 = Release|Any CPU
		{F0E9591A-CAF3-4108-9CAB-B78E127A6468}.Debug|Any CPU.ActiveCfg = Debug|Any CPU
		{F0E9591A-CAF3-4108-9CAB-B78E127A6468}.Debug|Any CPU.Build.0 = Debug|Any CPU
		{F0E9591A-CAF3-4108-9CAB-B78E127A6468}.Release|Any CPU.ActiveCfg = Release|Any CPU
		{F0E9591A-CAF3-4108-9CAB-B78E127A6468}.Release|Any CPU.Build.0 = Release|Any CPU
	EndGlobalSection
	GlobalSection(SolutionProperties) = preSolution
		HideSolutionNode = FALSE
	EndGlobalSection
	GlobalSection(ExtensibilityGlobals) = postSolution
		SolutionGuid = {7C77DB85-6EDC-49A7-9FCD-16D42475C77F}
	EndGlobalSection
EndGlobal
