
Microsoft Visual Studio Solution File, Format Version 12.00
# Visual Studio Version 16
VisualStudioVersion = 16.0.30225.117
MinimumVisualStudioVersion = 10.0.40219.1
Project("{FAE04EC0-301F-11D3-BF4B-00C04F79EFBC}") = "01. Ages", "01. Ages\01. Ages.csproj", "{9B9F5558-6051-4528-887A-4A9155DFE5B0}"
EndProject
Project("{FAE04EC0-301F-11D3-BF4B-00C04F79EFBC}") = "02. Divison", "02. Divison\02. Divison.csproj", "{977E37CD-4997-40BD-8A06-64A206A3E8C9}"
EndProject
Project("{FAE04EC0-301F-11D3-BF4B-00C04F79EFBC}") = "03. Vacation", "03. Vacation\03. Vacation.csproj", "{91D09F49-E3D7-4460-9896-1318E420D85A}"
EndProject
Project("{FAE04EC0-301F-11D3-BF4B-00C04F79EFBC}") = "04. PrintAndSum", "04. PrintAndSum\04. PrintAndSum.csproj", "{AA03212E-A734-4D19-8570-464D02E77C1F}"
EndProject
Project("{FAE04EC0-301F-11D3-BF4B-00C04F79EFBC}") = "05. Login", "05. Login\05. Login.csproj", "{B808B6B2-7467-4AAE-8C0B-C03630A6AE8C}"
EndProject
Project("{FAE04EC0-301F-11D3-BF4B-00C04F79EFBC}") = "06. StrongNumber", "06. StrongNumber\06. StrongNumber.csproj", "{93F5CB58-3E16-482B-9C08-E48F3DEAA9FB}"
EndProject
Project("{FAE04EC0-301F-11D3-BF4B-00C04F79EFBC}") = "07. VendingMachine", "07. VendingMachine\07. VendingMachine.csproj", "{93B387B2-A3D0-46AE-AAD1-3D0FC975597E}"
EndProject
Project("{FAE04EC0-301F-11D3-BF4B-00C04F79EFBC}") = "08. TriangleOfNumbers", "08. TriangleOfNumbers\08. TriangleOfNumbers.csproj", "{E4DB05A3-796F-4CBE-8222-AB9E8F08B917}"
EndProject
Global
	GlobalSection(SolutionConfigurationPlatforms) = preSolution
		Debug|Any CPU = Debug|Any CPU
		Release|Any CPU = Release|Any CPU
	EndGlobalSection
	GlobalSection(ProjectConfigurationPlatforms) = postSolution
		{9B9F5558-6051-4528-887A-4A9155DFE5B0}.Debug|Any CPU.ActiveCfg = Debug|Any CPU
		{9B9F5558-6051-4528-887A-4A9155DFE5B0}.Debug|Any CPU.Build.0 = Debug|Any CPU
		{9B9F5558-6051-4528-887A-4A9155DFE5B0}.Release|Any CPU.ActiveCfg = Release|Any CPU
		{9B9F5558-6051-4528-887A-4A9155DFE5B0}.Release|Any CPU.Build.0 = Release|Any CPU
		{977E37CD-4997-40BD-8A06-64A206A3E8C9}.Debug|Any CPU.ActiveCfg = Debug|Any CPU
		{977E37CD-4997-40BD-8A06-64A206A3E8C9}.Debug|Any CPU.Build.0 = Debug|Any CPU
		{977E37CD-4997-40BD-8A06-64A206A3E8C9}.Release|Any CPU.ActiveCfg = Release|Any CPU
		{977E37CD-4997-40BD-8A06-64A206A3E8C9}.Release|Any CPU.Build.0 = Release|Any CPU
		{91D09F49-E3D7-4460-9896-1318E420D85A}.Debug|Any CPU.ActiveCfg = Debug|Any CPU
		{91D09F49-E3D7-4460-9896-1318E420D85A}.Debug|Any CPU.Build.0 = Debug|Any CPU
		{91D09F49-E3D7-4460-9896-1318E420D85A}.Release|Any CPU.ActiveCfg = Release|Any CPU
		{91D09F49-E3D7-4460-9896-1318E420D85A}.Release|Any CPU.Build.0 = Release|Any CPU
		{AA03212E-A734-4D19-8570-464D02E77C1F}.Debug|Any CPU.ActiveCfg = Debug|Any CPU
		{AA03212E-A734-4D19-8570-464D02E77C1F}.Debug|Any CPU.Build.0 = Debug|Any CPU
		{AA03212E-A734-4D19-8570-464D02E77C1F}.Release|Any CPU.ActiveCfg = Release|Any CPU
		{AA03212E-A734-4D19-8570-464D02E77C1F}.Release|Any CPU.Build.0 = Release|Any CPU
		{B808B6B2-7467-4AAE-8C0B-C03630A6AE8C}.Debug|Any CPU.ActiveCfg = Debug|Any CPU
		{B808B6B2-7467-4AAE-8C0B-C03630A6AE8C}.Debug|Any CPU.Build.0 = Debug|Any CPU
		{B808B6B2-7467-4AAE-8C0B-C03630A6AE8C}.Release|Any CPU.ActiveCfg = Release|Any CPU
		{B808B6B2-7467-4AAE-8C0B-C03630A6AE8C}.Release|Any CPU.Build.0 = Release|Any CPU
		{93F5CB58-3E16-482B-9C08-E48F3DEAA9FB}.Debug|Any CPU.ActiveCfg = Debug|Any CPU
		{93F5CB58-3E16-482B-9C08-E48F3DEAA9FB}.Debug|Any CPU.Build.0 = Debug|Any CPU
		{93F5CB58-3E16-482B-9C08-E48F3DEAA9FB}.Release|Any CPU.ActiveCfg = Release|Any CPU
		{93F5CB58-3E16-482B-9C08-E48F3DEAA9FB}.Release|Any CPU.Build.0 = Release|Any CPU
		{93B387B2-A3D0-46AE-AAD1-3D0FC975597E}.Debug|Any CPU.ActiveCfg = Debug|Any CPU
		{93B387B2-A3D0-46AE-AAD1-3D0FC975597E}.Debug|Any CPU.Build.0 = Debug|Any CPU
		{93B387B2-A3D0-46AE-AAD1-3D0FC975597E}.Release|Any CPU.ActiveCfg = Release|Any CPU
		{93B387B2-A3D0-46AE-AAD1-3D0FC975597E}.Release|Any CPU.Build.0 = Release|Any CPU
		{E4DB05A3-796F-4CBE-8222-AB9E8F08B917}.Debug|Any CPU.ActiveCfg = Debug|Any CPU
		{E4DB05A3-796F-4CBE-8222-AB9E8F08B917}.Debug|Any CPU.Build.0 = Debug|Any CPU
		{E4DB05A3-796F-4CBE-8222-AB9E8F08B917}.Release|Any CPU.ActiveCfg = Release|Any CPU
		{E4DB05A3-796F-4CBE-8222-AB9E8F08B917}.Release|Any CPU.Build.0 = Release|Any CPU
	EndGlobalSection
	GlobalSection(SolutionProperties) = preSolution
		HideSolutionNode = FALSE
	EndGlobalSection
	GlobalSection(ExtensibilityGlobals) = postSolution
		SolutionGuid = {1602D3C4-A6BF-4248-BD83-96296D90698B}
	EndGlobalSection
EndGlobal
